// !$*UTF8*$!
{
	archiveVersion = 1;
	classes = {
	};
	objectVersion = 50;
	objects = {

/* Begin PBXBuildFile section */
		B131A1D825FDD0BF0002AE43 /* AppDelegate.swift in Sources */ = {isa = PBXBuildFile; fileRef = B131A1D725FDD0BF0002AE43 /* AppDelegate.swift */; };
		B131A1DA25FDD0BF0002AE43 /* SceneDelegate.swift in Sources */ = {isa = PBXBuildFile; fileRef = B131A1D925FDD0BF0002AE43 /* SceneDelegate.swift */; };
		B131A1DC25FDD0BF0002AE43 /* ViewController.swift in Sources */ = {isa = PBXBuildFile; fileRef = B131A1DB25FDD0BF0002AE43 /* ViewController.swift */; };
		B131A1DF25FDD0BF0002AE43 /* Main.storyboard in Resources */ = {isa = PBXBuildFile; fileRef = B131A1DD25FDD0BF0002AE43 /* Main.storyboard */; };
		B131A1E125FDD0C00002AE43 /* Assets.xcassets in Resources */ = {isa = PBXBuildFile; fileRef = B131A1E025FDD0C00002AE43 /* Assets.xcassets */; };
		B131A1E425FDD0C00002AE43 /* LaunchScreen.storyboard in Resources */ = {isa = PBXBuildFile; fileRef = B131A1E225FDD0C00002AE43 /* LaunchScreen.storyboard */; };
		B17AC34F25FF2B0800CBB977 /* MapAlertViewController.swift in Sources */ = {isa = PBXBuildFile; fileRef = B17AC34E25FF2B0800CBB977 /* MapAlertViewController.swift */; };
		B17AC35225FF3D2B00CBB977 /* MapkitViewController.swift in Sources */ = {isa = PBXBuildFile; fileRef = B17AC35125FF3D2B00CBB977 /* MapkitViewController.swift */; };
		B17AC35725FF401100CBB977 /* note.png in Resources */ = {isa = PBXBuildFile; fileRef = B17AC35525FF401100CBB977 /* note.png */; };
		B17AC35825FF401100CBB977 /* rating5@2x.png in Resources */ = {isa = PBXBuildFile; fileRef = B17AC35625FF401100CBB977 /* rating5@2x.png */; };
		B17AC35B25FF415800CBB977 /* ImageViewController.swift in Sources */ = {isa = PBXBuildFile; fileRef = B17AC35A25FF415800CBB977 /* ImageViewController.swift */; };
		B17AC35E25FF479C00CBB977 /* ControlViewController.swift in Sources */ = {isa = PBXBuildFile; fileRef = B17AC35D25FF479C00CBB977 /* ControlViewController.swift */; };
		B1C94EDB26031DD2001F2071 /* ListViewController.swift in Sources */ = {isa = PBXBuildFile; fileRef = B1C94EDA26031DD2001F2071 /* ListViewController.swift */; };
/* End PBXBuildFile section */

/* Begin PBXFileReference section */
		B131A1D425FDD0BF0002AE43 /* Chapter03-Alert.app */ = {isa = PBXFileReference; explicitFileType = wrapper.application; includeInIndex = 0; path = "Chapter03-Alert.app"; sourceTree = BUILT_PRODUCTS_DIR; };
		B131A1D725FDD0BF0002AE43 /* AppDelegate.swift */ = {isa = PBXFileReference; lastKnownFileType = sourcecode.swift; path = AppDelegate.swift; sourceTree = "<group>"; };
		B131A1D925FDD0BF0002AE43 /* SceneDelegate.swift */ = {isa = PBXFileReference; lastKnownFileType = sourcecode.swift; path = SceneDelegate.swift; sourceTree = "<group>"; };
		B131A1DB25FDD0BF0002AE43 /* ViewController.swift */ = {isa = PBXFileReference; lastKnownFileType = sourcecode.swift; path = ViewController.swift; sourceTree = "<group>"; };
		B131A1DE25FDD0BF0002AE43 /* Base */ = {isa = PBXFileReference; lastKnownFileType = file.storyboard; name = Base; path = Base.lproj/Main.storyboard; sourceTree = "<group>"; };
		B131A1E025FDD0C00002AE43 /* Assets.xcassets */ = {isa = PBXFileReference; lastKnownFileType = folder.assetcatalog; path = Assets.xcassets; sourceTree = "<group>"; };
		B131A1E325FDD0C00002AE43 /* Base */ = {isa = PBXFileReference; lastKnownFileType = file.storyboard; name = Base; path = Base.lproj/LaunchScreen.storyboard; sourceTree = "<group>"; };
		B131A1E525FDD0C00002AE43 /* Info.plist */ = {isa = PBXFileReference; lastKnownFileType = text.plist.xml; path = Info.plist; sourceTree = "<group>"; };
		B17AC34E25FF2B0800CBB977 /* MapAlertViewController.swift */ = {isa = PBXFileReference; lastKnownFileType = sourcecode.swift; path = MapAlertViewController.swift; sourceTree = "<group>"; };
		B17AC35125FF3D2B00CBB977 /* MapkitViewController.swift */ = {isa = PBXFileReference; lastKnownFileType = sourcecode.swift; path = MapkitViewController.swift; sourceTree = "<group>"; };
		B17AC35525FF401100CBB977 /* note.png */ = {isa = PBXFileReference; lastKnownFileType = image.png; path = note.png; sourceTree = "<group>"; };
		B17AC35625FF401100CBB977 /* rating5@2x.png */ = {isa = PBXFileReference; lastKnownFileType = image.png; path = "rating5@2x.png"; sourceTree = "<group>"; };
		B17AC35A25FF415800CBB977 /* ImageViewController.swift */ = {isa = PBXFileReference; lastKnownFileType = sourcecode.swift; path = ImageViewController.swift; sourceTree = "<group>"; };
		B17AC35D25FF479C00CBB977 /* ControlViewController.swift */ = {isa = PBXFileReference; lastKnownFileType = sourcecode.swift; path = ControlViewController.swift; sourceTree = "<group>"; };
		B1C94EDA26031DD2001F2071 /* ListViewController.swift */ = {isa = PBXFileReference; lastKnownFileType = sourcecode.swift; path = ListViewController.swift; sourceTree = "<group>"; };
/* End PBXFileReference section */

/* Begin PBXFrameworksBuildPhase section */
		B131A1D125FDD0BF0002AE43 /* Frameworks */ = {
			isa = PBXFrameworksBuildPhase;
			buildActionMask = 2147483647;
			files = (
			);
			runOnlyForDeploymentPostprocessing = 0;
		};
/* End PBXFrameworksBuildPhase section */

/* Begin PBXGroup section */
		B131A1CB25FDD0BF0002AE43 = {
			isa = PBXGroup;
			children = (
				B131A1D625FDD0BF0002AE43 /* Chapter03-Alert */,
				B131A1D525FDD0BF0002AE43 /* Products */,
			);
			sourceTree = "<group>";
		};
		B131A1D525FDD0BF0002AE43 /* Products */ = {
			isa = PBXGroup;
			children = (
				B131A1D425FDD0BF0002AE43 /* Chapter03-Alert.app */,
			);
			name = Products;
			sourceTree = "<group>";
		};
		B131A1D625FDD0BF0002AE43 /* Chapter03-Alert */ = {
			isa = PBXGroup;
			children = (
				B17AC35425FF3F8600CBB977 /* Resources */,
				B131A1D725FDD0BF0002AE43 /* AppDelegate.swift */,
				B131A1D925FDD0BF0002AE43 /* SceneDelegate.swift */,
				B131A1DB25FDD0BF0002AE43 /* ViewController.swift */,
				B131A1DD25FDD0BF0002AE43 /* Main.storyboard */,
				B131A1E025FDD0C00002AE43 /* Assets.xcassets */,
				B131A1E225FDD0C00002AE43 /* LaunchScreen.storyboard */,
				B131A1E525FDD0C00002AE43 /* Info.plist */,
				B17AC34E25FF2B0800CBB977 /* MapAlertViewController.swift */,
				B17AC35125FF3D2B00CBB977 /* MapkitViewController.swift */,
				B17AC35A25FF415800CBB977 /* ImageViewController.swift */,
				B17AC35D25FF479C00CBB977 /* ControlViewController.swift */,
				B1C94EDA26031DD2001F2071 /* ListViewController.swift */,
			);
			path = "Chapter03-Alert";
			sourceTree = "<group>";
		};
		B17AC35425FF3F8600CBB977 /* Resources */ = {
			isa = PBXGroup;
			children = (
				B17AC35525FF401100CBB977 /* note.png */,
				B17AC35625FF401100CBB977 /* rating5@2x.png */,
			);
			path = Resources;
			sourceTree = "<group>";
		};
/* End PBXGroup section */

/* Begin PBXNativeTarget section */
		B131A1D325FDD0BF0002AE43 /* Chapter03-Alert */ = {
			isa = PBXNativeTarget;
			buildConfigurationList = B131A1E825FDD0C00002AE43 /* Build configuration list for PBXNativeTarget "Chapter03-Alert" */;
			buildPhases = (
				B131A1D025FDD0BF0002AE43 /* Sources */,
				B131A1D125FDD0BF0002AE43 /* Frameworks */,
				B131A1D225FDD0BF0002AE43 /* Resources */,
			);
			buildRules = (
			);
			dependencies = (
			);
			name = "Chapter03-Alert";
			productName = "Chapter03-Alert";
			productReference = B131A1D425FDD0BF0002AE43 /* Chapter03-Alert.app */;
			productType = "com.apple.product-type.application";
		};
/* End PBXNativeTarget section */

/* Begin PBXProject section */
		B131A1CC25FDD0BF0002AE43 /* Project object */ = {
			isa = PBXProject;
			attributes = {
				LastSwiftUpdateCheck = 1240;
				LastUpgradeCheck = 1240;
				TargetAttributes = {
					B131A1D325FDD0BF0002AE43 = {
						CreatedOnToolsVersion = 12.4;
					};
				};
			};
			buildConfigurationList = B131A1CF25FDD0BF0002AE43 /* Build configuration list for PBXProject "Chapter03-Alert" */;
			compatibilityVersion = "Xcode 9.3";
			developmentRegion = en;
			hasScannedForEncodings = 0;
			knownRegions = (
				en,
				Base,
			);
			mainGroup = B131A1CB25FDD0BF0002AE43;
			productRefGroup = B131A1D525FDD0BF0002AE43 /* Products */;
			projectDirPath = "";
			projectRoot = "";
			targets = (
				B131A1D325FDD0BF0002AE43 /* Chapter03-Alert */,
			);
		};
/* End PBXProject section */

/* Begin PBXResourcesBuildPhase section */
		B131A1D225FDD0BF0002AE43 /* Resources */ = {
			isa = PBXResourcesBuildPhase;
			buildActionMask = 2147483647;
			files = (
				B17AC35825FF401100CBB977 /* rating5@2x.png in Resources */,
				B131A1E425FDD0C00002AE43 /* LaunchScreen.storyboard in Resources */,
				B17AC35725FF401100CBB977 /* note.png in Resources */,
				B131A1E125FDD0C00002AE43 /* Assets.xcassets in Resources */,
				B131A1DF25FDD0BF0002AE43 /* Main.storyboard in Resources */,
			);
			runOnlyForDeploymentPostprocessing = 0;
		};
/* End PBXResourcesBuildPhase section */

/* Begin PBXSourcesBuildPhase section */
		B131A1D025FDD0BF0002AE43 /* Sources */ = {
			isa = PBXSourcesBuildPhase;
			buildActionMask = 2147483647;
			files = (
				B17AC35225FF3D2B00CBB977 /* MapkitViewController.swift in Sources */,
				B17AC34F25FF2B0800CBB977 /* MapAlertViewController.swift in Sources */,
				B131A1DC25FDD0BF0002AE43 /* ViewController.swift in Sources */,
				B131A1D825FDD0BF0002AE43 /* AppDelegate.swift in Sources */,
				B17AC35B25FF415800CBB977 /* ImageViewController.swift in Sources */,
				B131A1DA25FDD0BF0002AE43 /* SceneDelegate.swift in Sources */,
				B1C94EDB26031DD2001F2071 /* ListViewController.swift in Sources */,
				B17AC35E25FF479C00CBB977 /* ControlViewController.swift in Sources */,
			);
			runOnlyForDeploymentPostprocessing = 0;
		};
/* End PBXSourcesBuildPhase section */

/* Begin PBXVariantGroup section */
		B131A1DD25FDD0BF0002AE43 /* Main.storyboard */ = {
			isa = PBXVariantGroup;
			children = (
				B131A1DE25FDD0BF0002AE43 /* Base */,
			);
			name = Main.storyboard;
			sourceTree = "<group>";
		};
		B131A1E225FDD0C00002AE43 /* LaunchScreen.storyboard */ = {
			isa = PBXVariantGroup;
			children = (
				B131A1E325FDD0C00002AE43 /* Base */,
			);
			name = LaunchScreen.storyboard;
			sourceTree = "<group>";
		};
/* End PBXVariantGroup section */

/* Begin XCBuildConfiguration section */
		B131A1E625FDD0C00002AE43 /* Debug */ = {
			isa = XCBuildConfiguration;
			buildSettings = {
				ALWAYS_SEARCH_USER_PATHS = NO;
				CLANG_ANALYZER_NONNULL = YES;
				CLANG_ANALYZER_NUMBER_OBJECT_CONVERSION = YES_AGGRESSIVE;
				CLANG_CXX_LANGUAGE_STANDARD = "gnu++14";
				CLANG_CXX_LIBRARY = "libc++";
				CLANG_ENABLE_MODULES = YES;
				CLANG_ENABLE_OBJC_ARC = YES;
				CLANG_ENABLE_OBJC_WEAK = YES;
				CLANG_WARN_BLOCK_CAPTURE_AUTORELEASING = YES;
				CLANG_WARN_BOOL_CONVERSION = YES;
				CLANG_WARN_COMMA = YES;
				CLANG_WARN_CONSTANT_CONVERSION = YES;
				CLANG_WARN_DEPRECATED_OBJC_IMPLEMENTATIONS = YES;
				CLANG_WARN_DIRECT_OBJC_ISA_USAGE = YES_ERROR;
				CLANG_WARN_DOCUMENTATION_COMMENTS = YES;
				CLANG_WARN_EMPTY_BODY = YES;
				CLANG_WARN_ENUM_CONVERSION = YES;
				CLANG_WARN_INFINITE_RECURSION = YES;
				CLANG_WARN_INT_CONVERSION = YES;
				CLANG_WARN_NON_LITERAL_NULL_CONVERSION = YES;
				CLANG_WARN_OBJC_IMPLICIT_RETAIN_SELF = YES;
				CLANG_WARN_OBJC_LITERAL_CONVERSION = YES;
				CLANG_WARN_OBJC_ROOT_CLASS = YES_ERROR;
				CLANG_WARN_QUOTED_INCLUDE_IN_FRAMEWORK_HEADER = YES;
				CLANG_WARN_RANGE_LOOP_ANALYSIS = YES;
				CLANG_WARN_STRICT_PROTOTYPES = YES;
				CLANG_WARN_SUSPICIOUS_MOVE = YES;
				CLANG_WARN_UNGUARDED_AVAILABILITY = YES_AGGRESSIVE;
				CLANG_WARN_UNREACHABLE_CODE = YES;
				CLANG_WARN__DUPLICATE_METHOD_MATCH = YES;
				COPY_PHASE_STRIP = NO;
				DEBUG_INFORMATION_FORMAT = dwarf;
				ENABLE_STRICT_OBJC_MSGSEND = YES;
				ENABLE_TESTABILITY = YES;
				GCC_C_LANGUAGE_STANDARD = gnu11;
				GCC_DYNAMIC_NO_PIC = NO;
				GCC_NO_COMMON_BLOCKS = YES;
				GCC_OPTIMIZATION_LEVEL = 0;
				GCC_PREPROCESSOR_DEFINITIONS = (
					"DEBUG=1",
					"$(inherited)",
				);
				GCC_WARN_64_TO_32_BIT_CONVERSION = YES;
				GCC_WARN_ABOUT_RETURN_TYPE = YES_ERROR;
				GCC_WARN_UNDECLARED_SELECTOR = YES;
				GCC_WARN_UNINITIALIZED_AUTOS = YES_AGGRESSIVE;
				GCC_WARN_UNUSED_FUNCTION = YES;
				GCC_WARN_UNUSED_VARIABLE = YES;
				IPHONEOS_DEPLOYMENT_TARGET = 14.4;
				MTL_ENABLE_DEBUG_INFO = INCLUDE_SOURCE;
				MTL_FAST_MATH = YES;
				ONLY_ACTIVE_ARCH = YES;
				SDKROOT = iphoneos;
				SWIFT_ACTIVE_COMPILATION_CONDITIONS = DEBUG;
				SWIFT_OPTIMIZATION_LEVEL = "-Onone";
			};
			name = Debug;
		};
		B131A1E725FDD0C00002AE43 /* Release */ = {
			isa = XCBuildConfiguration;
			buildSettings = {
				ALWAYS_SEARCH_USER_PATHS = NO;
				CLANG_ANALYZER_NONNULL = YES;
				CLANG_ANALYZER_NUMBER_OBJECT_CONVERSION = YES_AGGRESSIVE;
				CLANG_CXX_LANGUAGE_STANDARD = "gnu++14";
				CLANG_CXX_LIBRARY = "libc++";
				CLANG_ENABLE_MODULES = YES;
				CLANG_ENABLE_OBJC_ARC = YES;
				CLANG_ENABLE_OBJC_WEAK = YES;
				CLANG_WARN_BLOCK_CAPTURE_AUTORELEASING = YES;
				CLANG_WARN_BOOL_CONVERSION = YES;
				CLANG_WARN_COMMA = YES;
				CLANG_WARN_CONSTANT_CONVERSION = YES;
				CLANG_WARN_DEPRECATED_OBJC_IMPLEMENTATIONS = YES;
				CLANG_WARN_DIRECT_OBJC_ISA_USAGE = YES_ERROR;
				CLANG_WARN_DOCUMENTATION_COMMENTS = YES;
				CLANG_WARN_EMPTY_BODY = YES;
				CLANG_WARN_ENUM_CONVERSION = YES;
				CLANG_WARN_INFINITE_RECURSION = YES;
				CLANG_WARN_INT_CONVERSION = YES;
				CLANG_WARN_NON_LITERAL_NULL_CONVERSION = YES;
				CLANG_WARN_OBJC_IMPLICIT_RETAIN_SELF = YES;
				CLANG_WARN_OBJC_LITERAL_CONVERSION = YES;
				CLANG_WARN_OBJC_ROOT_CLASS = YES_ERROR;
				CLANG_WARN_QUOTED_INCLUDE_IN_FRAMEWORK_HEADER = YES;
				CLANG_WARN_RANGE_LOOP_ANALYSIS = YES;
				CLANG_WARN_STRICT_PROTOTYPES = YES;
				CLANG_WARN_SUSPICIOUS_MOVE = YES;
				CLANG_WARN_UNGUARDED_AVAILABILITY = YES_AGGRESSIVE;
				CLANG_WARN_UNREACHABLE_CODE = YES;
				CLANG_WARN__DUPLICATE_METHOD_MATCH = YES;
				COPY_PHASE_STRIP = NO;
				DEBUG_INFORMATION_FORMAT = "dwarf-with-dsym";
				ENABLE_NS_ASSERTIONS = NO;
				ENABLE_STRICT_OBJC_MSGSEND = YES;
				GCC_C_LANGUAGE_STANDARD = gnu11;
				GCC_NO_COMMON_BLOCKS = YES;
				GCC_WARN_64_TO_32_BIT_CONVERSION = YES;
				GCC_WARN_ABOUT_RETURN_TYPE = YES_ERROR;
				GCC_WARN_UNDECLARED_SELECTOR = YES;
				GCC_WARN_UNINITIALIZED_AUTOS = YES_AGGRESSIVE;
				GCC_WARN_UNUSED_FUNCTION = YES;
				GCC_WARN_UNUSED_VARIABLE = YES;
				IPHONEOS_DEPLOYMENT_TARGET = 14.4;
				MTL_ENABLE_DEBUG_INFO = NO;
				MTL_FAST_MATH = YES;
				SDKROOT = iphoneos;
				SWIFT_COMPILATION_MODE = wholemodule;
				SWIFT_OPTIMIZATION_LEVEL = "-O";
				VALIDATE_PRODUCT = YES;
			};
			name = Release;
		};
		B131A1E925FDD0C00002AE43 /* Debug */ = {
			isa = XCBuildConfiguration;
			buildSettings = {
				ASSETCATALOG_COMPILER_APPICON_NAME = AppIcon;
				ASSETCATALOG_COMPILER_GLOBAL_ACCENT_COLOR_NAME = AccentColor;
				CODE_SIGN_STYLE = Automatic;
				DEVELOPMENT_TEAM = 38PD5AHVVF;
				INFOPLIST_FILE = "Chapter03-Alert/Info.plist";
				LD_RUNPATH_SEARCH_PATHS = (
					"$(inherited)",
					"@executable_path/Frameworks",
				);
				PRODUCT_BUNDLE_IDENTIFIER = "lgw9898.Chapter03-Alert";
				PRODUCT_NAME = "$(TARGET_NAME)";
				SWIFT_VERSION = 5.0;
				TARGETED_DEVICE_FAMILY = "1,2";
			};
			name = Debug;
		};
		B131A1EA25FDD0C00002AE43 /* Release */ = {
			isa = XCBuildConfiguration;
			buildSettings = {
				ASSETCATALOG_COMPILER_APPICON_NAME = AppIcon;
				ASSETCATALOG_COMPILER_GLOBAL_ACCENT_COLOR_NAME = AccentColor;
				CODE_SIGN_STYLE = Automatic;
				DEVELOPMENT_TEAM = 38PD5AHVVF;
				INFOPLIST_FILE = "Chapter03-Alert/Info.plist";
				LD_RUNPATH_SEARCH_PATHS = (
					"$(inherited)",
					"@executable_path/Frameworks",
				);
				PRODUCT_BUNDLE_IDENTIFIER = "lgw9898.Chapter03-Alert";
				PRODUCT_NAME = "$(TARGET_NAME)";
				SWIFT_VERSION = 5.0;
				TARGETED_DEVICE_FAMILY = "1,2";
			};
			name = Release;
		};
/* End XCBuildConfiguration section */

/* Begin XCConfigurationList section */
		B131A1CF25FDD0BF0002AE43 /* Build configuration list for PBXProject "Chapter03-Alert" */ = {
			isa = XCConfigurationList;
			buildConfigurations = (
				B131A1E625FDD0C00002AE43 /* Debug */,
				B131A1E725FDD0C00002AE43 /* Release */,
			);
			defaultConfigurationIsVisible = 0;
			defaultConfigurationName = Release;
		};
		B131A1E825FDD0C00002AE43 /* Build configuration list for PBXNativeTarget "Chapter03-Alert" */ = {
			isa = XCConfigurationList;
			buildConfigurations = (
				B131A1E925FDD0C00002AE43 /* Debug */,
				B131A1EA25FDD0C00002AE43 /* Release */,
			);
			defaultConfigurationIsVisible = 0;
			defaultConfigurationName = Release;
		};
/* End XCConfigurationList section */
	};
	rootObject = B131A1CC25FDD0BF0002AE43 /* Project object */;
}
