// !$*UTF8*$!
{
	archiveVersion = 1;
	classes = {
	};
	objectVersion = 56;
	objects = {

/* Begin PBXBuildFile section */
		B1C55E93292B9825004A0021 /* main.swift in Sources */ = {isa = PBXBuildFile; fileRef = B1C55E92292B9825004A0021 /* main.swift */; };
		B1C55E9A292BAE75004A0021 /* 선택1번.swift in Sources */ = {isa = PBXBuildFile; fileRef = B1C55E99292BAE75004A0021 /* 선택1번.swift */; };
		B1C55E9C292BAE93004A0021 /* Student.swift in Sources */ = {isa = PBXBuildFile; fileRef = B1C55E9B292BAE93004A0021 /* Student.swift */; };
		B1C55EA1292BAECE004A0021 /* StringSet.swift in Sources */ = {isa = PBXBuildFile; fileRef = B1C55EA0292BAECE004A0021 /* StringSet.swift */; };
		B1C55EA3292BB5AA004A0021 /* 선택2번.swift in Sources */ = {isa = PBXBuildFile; fileRef = B1C55EA2292BB5AA004A0021 /* 선택2번.swift */; };
		B1C55EA5292BC7A9004A0021 /* 선택3번.swift in Sources */ = {isa = PBXBuildFile; fileRef = B1C55EA4292BC7A9004A0021 /* 선택3번.swift */; };
		B1C55EA7292BCB6A004A0021 /* 선택4번.swift in Sources */ = {isa = PBXBuildFile; fileRef = B1C55EA6292BCB6A004A0021 /* 선택4번.swift */; };
		B1C55EA9292BD174004A0021 /* 선택5번.swift in Sources */ = {isa = PBXBuildFile; fileRef = B1C55EA8292BD174004A0021 /* 선택5번.swift */; };
		B1C55EAB292BD25E004A0021 /* 질문.swift in Sources */ = {isa = PBXBuildFile; fileRef = B1C55EAA292BD25E004A0021 /* 질문.swift */; };
/* End PBXBuildFile section */

/* Begin PBXCopyFilesBuildPhase section */
		B1C55E8D292B9825004A0021 /* CopyFiles */ = {
			isa = PBXCopyFilesBuildPhase;
			buildActionMask = 2147483647;
			dstPath = /usr/share/man/man1/;
			dstSubfolderSpec = 0;
			files = (
			);
			runOnlyForDeploymentPostprocessing = 1;
		};
/* End PBXCopyFilesBuildPhase section */

/* Begin PBXFileReference section */
		B1C55E8F292B9825004A0021 /* MyCreditManager */ = {isa = PBXFileReference; explicitFileType = "compiled.mach-o.executable"; includeInIndex = 0; path = MyCreditManager; sourceTree = BUILT_PRODUCTS_DIR; };
		B1C55E92292B9825004A0021 /* main.swift */ = {isa = PBXFileReference; lastKnownFileType = sourcecode.swift; path = main.swift; sourceTree = "<group>"; };
		B1C55E99292BAE75004A0021 /* 선택1번.swift */ = {isa = PBXFileReference; lastKnownFileType = sourcecode.swift; path = "선택1번.swift"; sourceTree = "<group>"; };
		B1C55E9B292BAE93004A0021 /* Student.swift */ = {isa = PBXFileReference; lastKnownFileType = sourcecode.swift; path = Student.swift; sourceTree = "<group>"; };
		B1C55EA0292BAECE004A0021 /* StringSet.swift */ = {isa = PBXFileReference; lastKnownFileType = sourcecode.swift; path = StringSet.swift; sourceTree = "<group>"; };
		B1C55EA2292BB5AA004A0021 /* 선택2번.swift */ = {isa = PBXFileReference; lastKnownFileType = sourcecode.swift; path = "선택2번.swift"; sourceTree = "<group>"; };
		B1C55EA4292BC7A9004A0021 /* 선택3번.swift */ = {isa = PBXFileReference; lastKnownFileType = sourcecode.swift; path = "선택3번.swift"; sourceTree = "<group>"; };
		B1C55EA6292BCB6A004A0021 /* 선택4번.swift */ = {isa = PBXFileReference; lastKnownFileType = sourcecode.swift; path = "선택4번.swift"; sourceTree = "<group>"; };
		B1C55EA8292BD174004A0021 /* 선택5번.swift */ = {isa = PBXFileReference; lastKnownFileType = sourcecode.swift; path = "선택5번.swift"; sourceTree = "<group>"; };
		B1C55EAA292BD25E004A0021 /* 질문.swift */ = {isa = PBXFileReference; lastKnownFileType = sourcecode.swift; path = "질문.swift"; sourceTree = "<group>"; };
		B1C55EAC292BD341004A0021 /* README.md */ = {isa = PBXFileReference; lastKnownFileType = net.daringfireball.markdown; path = README.md; sourceTree = "<group>"; };
/* End PBXFileReference section */

/* Begin PBXFrameworksBuildPhase section */
		B1C55E8C292B9825004A0021 /* Frameworks */ = {
			isa = PBXFrameworksBuildPhase;
			buildActionMask = 2147483647;
			files = (
			);
			runOnlyForDeploymentPostprocessing = 0;
		};
/* End PBXFrameworksBuildPhase section */

/* Begin PBXGroup section */
		B1C55E86292B9825004A0021 = {
			isa = PBXGroup;
			children = (
				B1C55EAC292BD341004A0021 /* README.md */,
				B1C55E91292B9825004A0021 /* MyCreditManager */,
				B1C55E90292B9825004A0021 /* Products */,
			);
			sourceTree = "<group>";
		};
		B1C55E90292B9825004A0021 /* Products */ = {
			isa = PBXGroup;
			children = (
				B1C55E8F292B9825004A0021 /* MyCreditManager */,
			);
			name = Products;
			sourceTree = "<group>";
		};
		B1C55E91292B9825004A0021 /* MyCreditManager */ = {
			isa = PBXGroup;
			children = (
				B1C55E92292B9825004A0021 /* main.swift */,
				B1C55E9E292BAEA4004A0021 /* Selects */,
				B1C55E9D292BAE97004A0021 /* Models */,
				B1C55E9F292BAEC6004A0021 /* Commons */,
			);
			path = MyCreditManager;
			sourceTree = "<group>";
		};
		B1C55E9D292BAE97004A0021 /* Models */ = {
			isa = PBXGroup;
			children = (
				B1C55E9B292BAE93004A0021 /* Student.swift */,
			);
			path = Models;
			sourceTree = "<group>";
		};
		B1C55E9E292BAEA4004A0021 /* Selects */ = {
			isa = PBXGroup;
			children = (
				B1C55EAA292BD25E004A0021 /* 질문.swift */,
				B1C55E99292BAE75004A0021 /* 선택1번.swift */,
				B1C55EA2292BB5AA004A0021 /* 선택2번.swift */,
				B1C55EA4292BC7A9004A0021 /* 선택3번.swift */,
				B1C55EA6292BCB6A004A0021 /* 선택4번.swift */,
				B1C55EA8292BD174004A0021 /* 선택5번.swift */,
			);
			path = Selects;
			sourceTree = "<group>";
		};
		B1C55E9F292BAEC6004A0021 /* Commons */ = {
			isa = PBXGroup;
			children = (
				B1C55EA0292BAECE004A0021 /* StringSet.swift */,
			);
			path = Commons;
			sourceTree = "<group>";
		};
/* End PBXGroup section */

/* Begin PBXNativeTarget section */
		B1C55E8E292B9825004A0021 /* MyCreditManager */ = {
			isa = PBXNativeTarget;
			buildConfigurationList = B1C55E96292B9825004A0021 /* Build configuration list for PBXNativeTarget "MyCreditManager" */;
			buildPhases = (
				B1C55E8B292B9825004A0021 /* Sources */,
				B1C55E8C292B9825004A0021 /* Frameworks */,
				B1C55E8D292B9825004A0021 /* CopyFiles */,
			);
			buildRules = (
			);
			dependencies = (
			);
			name = MyCreditManager;
			productName = MyCreditManager;
			productReference = B1C55E8F292B9825004A0021 /* MyCreditManager */;
			productType = "com.apple.product-type.tool";
		};
/* End PBXNativeTarget section */

/* Begin PBXProject section */
		B1C55E87292B9825004A0021 /* Project object */ = {
			isa = PBXProject;
			attributes = {
				BuildIndependentTargetsInParallel = 1;
				LastSwiftUpdateCheck = 1400;
				LastUpgradeCheck = 1400;
				TargetAttributes = {
					B1C55E8E292B9825004A0021 = {
						CreatedOnToolsVersion = 14.0;
					};
				};
			};
			buildConfigurationList = B1C55E8A292B9825004A0021 /* Build configuration list for PBXProject "MyCreditManager" */;
			compatibilityVersion = "Xcode 14.0";
			developmentRegion = en;
			hasScannedForEncodings = 0;
			knownRegions = (
				en,
				Base,
			);
			mainGroup = B1C55E86292B9825004A0021;
			productRefGroup = B1C55E90292B9825004A0021 /* Products */;
			projectDirPath = "";
			projectRoot = "";
			targets = (
				B1C55E8E292B9825004A0021 /* MyCreditManager */,
			);
		};
/* End PBXProject section */

/* Begin PBXSourcesBuildPhase section */
		B1C55E8B292B9825004A0021 /* Sources */ = {
			isa = PBXSourcesBuildPhase;
			buildActionMask = 2147483647;
			files = (
				B1C55EA5292BC7A9004A0021 /* 선택3번.swift in Sources */,
				B1C55E93292B9825004A0021 /* main.swift in Sources */,
				B1C55EAB292BD25E004A0021 /* 질문.swift in Sources */,
				B1C55EA1292BAECE004A0021 /* StringSet.swift in Sources */,
				B1C55EA9292BD174004A0021 /* 선택5번.swift in Sources */,
				B1C55EA7292BCB6A004A0021 /* 선택4번.swift in Sources */,
				B1C55E9C292BAE93004A0021 /* Student.swift in Sources */,
				B1C55E9A292BAE75004A0021 /* 선택1번.swift in Sources */,
				B1C55EA3292BB5AA004A0021 /* 선택2번.swift in Sources */,
			);
			runOnlyForDeploymentPostprocessing = 0;
		};
/* End PBXSourcesBuildPhase section */

/* Begin XCBuildConfiguration section */
		B1C55E94292B9825004A0021 /* Debug */ = {
			isa = XCBuildConfiguration;
			buildSettings = {
				ALWAYS_SEARCH_USER_PATHS = NO;
				CLANG_ANALYZER_NONNULL = YES;
				CLANG_ANALYZER_NUMBER_OBJECT_CONVERSION = YES_AGGRESSIVE;
				CLANG_CXX_LANGUAGE_STANDARD = "gnu++20";
				CLANG_ENABLE_MODULES = YES;
				CLANG_ENABLE_OBJC_ARC = YES;
				CLANG_ENABLE_OBJC_WEAK = YES;
				CLANG_WARN_BLOCK_CAPTURE_AUTORELEASING = YES;
				CLANG_WARN_BOOL_CONVERSION = YES;
				CLANG_WARN_COMMA = YES;
				CLANG_WARN_CONSTANT_CONVERSION = YES;
				CLANG_WARN_DEPRECATED_OBJC_IMPLEMENTATIONS = YES;
				CLANG_WARN_DIRECT_OBJC_ISA_USAGE = YES_ERROR;
				CLANG_WARN_DOCUMENTATION_COMMENTS = YES;
				CLANG_WARN_EMPTY_BODY = YES;
				CLANG_WARN_ENUM_CONVERSION = YES;
				CLANG_WARN_INFINITE_RECURSION = YES;
				CLANG_WARN_INT_CONVERSION = YES;
				CLANG_WARN_NON_LITERAL_NULL_CONVERSION = YES;
				CLANG_WARN_OBJC_IMPLICIT_RETAIN_SELF = YES;
				CLANG_WARN_OBJC_LITERAL_CONVERSION = YES;
				CLANG_WARN_OBJC_ROOT_CLASS = YES_ERROR;
				CLANG_WARN_QUOTED_INCLUDE_IN_FRAMEWORK_HEADER = YES;
				CLANG_WARN_RANGE_LOOP_ANALYSIS = YES;
				CLANG_WARN_STRICT_PROTOTYPES = YES;
				CLANG_WARN_SUSPICIOUS_MOVE = YES;
				CLANG_WARN_UNGUARDED_AVAILABILITY = YES_AGGRESSIVE;
				CLANG_WARN_UNREACHABLE_CODE = YES;
				CLANG_WARN__DUPLICATE_METHOD_MATCH = YES;
				COPY_PHASE_STRIP = NO;
				DEBUG_INFORMATION_FORMAT = dwarf;
				ENABLE_STRICT_OBJC_MSGSEND = YES;
				ENABLE_TESTABILITY = YES;
				GCC_C_LANGUAGE_STANDARD = gnu11;
				GCC_DYNAMIC_NO_PIC = NO;
				GCC_NO_COMMON_BLOCKS = YES;
				GCC_OPTIMIZATION_LEVEL = 0;
				GCC_PREPROCESSOR_DEFINITIONS = (
					"DEBUG=1",
					"$(inherited)",
				);
				GCC_WARN_64_TO_32_BIT_CONVERSION = YES;
				GCC_WARN_ABOUT_RETURN_TYPE = YES_ERROR;
				GCC_WARN_UNDECLARED_SELECTOR = YES;
				GCC_WARN_UNINITIALIZED_AUTOS = YES_AGGRESSIVE;
				GCC_WARN_UNUSED_FUNCTION = YES;
				GCC_WARN_UNUSED_VARIABLE = YES;
				MACOSX_DEPLOYMENT_TARGET = 12.3;
				MTL_ENABLE_DEBUG_INFO = INCLUDE_SOURCE;
				MTL_FAST_MATH = YES;
				ONLY_ACTIVE_ARCH = YES;
				SDKROOT = macosx;
				SWIFT_ACTIVE_COMPILATION_CONDITIONS = DEBUG;
				SWIFT_OPTIMIZATION_LEVEL = "-Onone";
			};
			name = Debug;
		};
		B1C55E95292B9825004A0021 /* Release */ = {
			isa = XCBuildConfiguration;
			buildSettings = {
				ALWAYS_SEARCH_USER_PATHS = NO;
				CLANG_ANALYZER_NONNULL = YES;
				CLANG_ANALYZER_NUMBER_OBJECT_CONVERSION = YES_AGGRESSIVE;
				CLANG_CXX_LANGUAGE_STANDARD = "gnu++20";
				CLANG_ENABLE_MODULES = YES;
				CLANG_ENABLE_OBJC_ARC = YES;
				CLANG_ENABLE_OBJC_WEAK = YES;
				CLANG_WARN_BLOCK_CAPTURE_AUTORELEASING = YES;
				CLANG_WARN_BOOL_CONVERSION = YES;
				CLANG_WARN_COMMA = YES;
				CLANG_WARN_CONSTANT_CONVERSION = YES;
				CLANG_WARN_DEPRECATED_OBJC_IMPLEMENTATIONS = YES;
				CLANG_WARN_DIRECT_OBJC_ISA_USAGE = YES_ERROR;
				CLANG_WARN_DOCUMENTATION_COMMENTS = YES;
				CLANG_WARN_EMPTY_BODY = YES;
				CLANG_WARN_ENUM_CONVERSION = YES;
				CLANG_WARN_INFINITE_RECURSION = YES;
				CLANG_WARN_INT_CONVERSION = YES;
				CLANG_WARN_NON_LITERAL_NULL_CONVERSION = YES;
				CLANG_WARN_OBJC_IMPLICIT_RETAIN_SELF = YES;
				CLANG_WARN_OBJC_LITERAL_CONVERSION = YES;
				CLANG_WARN_OBJC_ROOT_CLASS = YES_ERROR;
				CLANG_WARN_QUOTED_INCLUDE_IN_FRAMEWORK_HEADER = YES;
				CLANG_WARN_RANGE_LOOP_ANALYSIS = YES;
				CLANG_WARN_STRICT_PROTOTYPES = YES;
				CLANG_WARN_SUSPICIOUS_MOVE = YES;
				CLANG_WARN_UNGUARDED_AVAILABILITY = YES_AGGRESSIVE;
				CLANG_WARN_UNREACHABLE_CODE = YES;
				CLANG_WARN__DUPLICATE_METHOD_MATCH = YES;
				COPY_PHASE_STRIP = NO;
				DEBUG_INFORMATION_FORMAT = "dwarf-with-dsym";
				ENABLE_NS_ASSERTIONS = NO;
				ENABLE_STRICT_OBJC_MSGSEND = YES;
				GCC_C_LANGUAGE_STANDARD = gnu11;
				GCC_NO_COMMON_BLOCKS = YES;
				GCC_WARN_64_TO_32_BIT_CONVERSION = YES;
				GCC_WARN_ABOUT_RETURN_TYPE = YES_ERROR;
				GCC_WARN_UNDECLARED_SELECTOR = YES;
				GCC_WARN_UNINITIALIZED_AUTOS = YES_AGGRESSIVE;
				GCC_WARN_UNUSED_FUNCTION = YES;
				GCC_WARN_UNUSED_VARIABLE = YES;
				MACOSX_DEPLOYMENT_TARGET = 12.3;
				MTL_ENABLE_DEBUG_INFO = NO;
				MTL_FAST_MATH = YES;
				SDKROOT = macosx;
				SWIFT_COMPILATION_MODE = wholemodule;
				SWIFT_OPTIMIZATION_LEVEL = "-O";
			};
			name = Release;
		};
		B1C55E97292B9825004A0021 /* Debug */ = {
			isa = XCBuildConfiguration;
			buildSettings = {
				CODE_SIGN_STYLE = Automatic;
				PRODUCT_NAME = "$(TARGET_NAME)";
				SWIFT_VERSION = 5.0;
			};
			name = Debug;
		};
		B1C55E98292B9825004A0021 /* Release */ = {
			isa = XCBuildConfiguration;
			buildSettings = {
				CODE_SIGN_STYLE = Automatic;
				PRODUCT_NAME = "$(TARGET_NAME)";
				SWIFT_VERSION = 5.0;
			};
			name = Release;
		};
/* End XCBuildConfiguration section */

/* Begin XCConfigurationList section */
		B1C55E8A292B9825004A0021 /* Build configuration list for PBXProject "MyCreditManager" */ = {
			isa = XCConfigurationList;
			buildConfigurations = (
				B1C55E94292B9825004A0021 /* Debug */,
				B1C55E95292B9825004A0021 /* Release */,
			);
			defaultConfigurationIsVisible = 0;
			defaultConfigurationName = Release;
		};
		B1C55E96292B9825004A0021 /* Build configuration list for PBXNativeTarget "MyCreditManager" */ = {
			isa = XCConfigurationList;
			buildConfigurations = (
				B1C55E97292B9825004A0021 /* Debug */,
				B1C55E98292B9825004A0021 /* Release */,
			);
			defaultConfigurationIsVisible = 0;
			defaultConfigurationName = Release;
		};
/* End XCConfigurationList section */
	};
	rootObject = B1C55E87292B9825004A0021 /* Project object */;
}
