// !$*UTF8*$!
{
	archiveVersion = 1;
	classes = {
	};
	objectVersion = 50;
	objects = {

/* Begin PBXBuildFile section */
		B140808B260490E400FA0047 /* AppDelegate.swift in Sources */ = {isa = PBXBuildFile; fileRef = B140808A260490E400FA0047 /* AppDelegate.swift */; };
		B140808D260490E400FA0047 /* SceneDelegate.swift in Sources */ = {isa = PBXBuildFile; fileRef = B140808C260490E400FA0047 /* SceneDelegate.swift */; };
		B140808F260490E400FA0047 /* ViewController.swift in Sources */ = {isa = PBXBuildFile; fileRef = B140808E260490E400FA0047 /* ViewController.swift */; };
		B1408092260490E400FA0047 /* Main.storyboard in Resources */ = {isa = PBXBuildFile; fileRef = B1408090260490E400FA0047 /* Main.storyboard */; };
		B1408094260490E500FA0047 /* Assets.xcassets in Resources */ = {isa = PBXBuildFile; fileRef = B1408093260490E500FA0047 /* Assets.xcassets */; };
		B1408097260490E500FA0047 /* LaunchScreen.storyboard in Resources */ = {isa = PBXBuildFile; fileRef = B1408095260490E500FA0047 /* LaunchScreen.storyboard */; };
		B14080A22604917A00FA0047 /* SWRevealViewController.m in Sources */ = {isa = PBXBuildFile; fileRef = B14080A12604917A00FA0047 /* SWRevealViewController.m */; };
		B14080A52604929B00FA0047 /* sidemenu.png in Resources */ = {isa = PBXBuildFile; fileRef = B14080A42604929B00FA0047 /* sidemenu.png */; };
		B14080A8260492E100FA0047 /* FrontViewController.swift in Sources */ = {isa = PBXBuildFile; fileRef = B14080A7260492E100FA0047 /* FrontViewController.swift */; };
/* End PBXBuildFile section */

/* Begin PBXFileReference section */
		B1408087260490E400FA0047 /* Chapter04-SideBar.app */ = {isa = PBXFileReference; explicitFileType = wrapper.application; includeInIndex = 0; path = "Chapter04-SideBar.app"; sourceTree = BUILT_PRODUCTS_DIR; };
		B140808A260490E400FA0047 /* AppDelegate.swift */ = {isa = PBXFileReference; lastKnownFileType = sourcecode.swift; path = AppDelegate.swift; sourceTree = "<group>"; };
		B140808C260490E400FA0047 /* SceneDelegate.swift */ = {isa = PBXFileReference; lastKnownFileType = sourcecode.swift; path = SceneDelegate.swift; sourceTree = "<group>"; };
		B140808E260490E400FA0047 /* ViewController.swift */ = {isa = PBXFileReference; lastKnownFileType = sourcecode.swift; path = ViewController.swift; sourceTree = "<group>"; };
		B1408091260490E400FA0047 /* Base */ = {isa = PBXFileReference; lastKnownFileType = file.storyboard; name = Base; path = Base.lproj/Main.storyboard; sourceTree = "<group>"; };
		B1408093260490E500FA0047 /* Assets.xcassets */ = {isa = PBXFileReference; lastKnownFileType = folder.assetcatalog; path = Assets.xcassets; sourceTree = "<group>"; };
		B1408096260490E500FA0047 /* Base */ = {isa = PBXFileReference; lastKnownFileType = file.storyboard; name = Base; path = Base.lproj/LaunchScreen.storyboard; sourceTree = "<group>"; };
		B1408098260490E500FA0047 /* Info.plist */ = {isa = PBXFileReference; lastKnownFileType = text.plist.xml; path = Info.plist; sourceTree = "<group>"; };
		B140809F2604917900FA0047 /* Chapter04-SideBar-Bridging-Header.h */ = {isa = PBXFileReference; lastKnownFileType = sourcecode.c.h; path = "Chapter04-SideBar-Bridging-Header.h"; sourceTree = "<group>"; };
		B14080A02604917A00FA0047 /* SWRevealViewController.h */ = {isa = PBXFileReference; fileEncoding = 4; lastKnownFileType = sourcecode.c.h; path = SWRevealViewController.h; sourceTree = "<group>"; };
		B14080A12604917A00FA0047 /* SWRevealViewController.m */ = {isa = PBXFileReference; fileEncoding = 4; lastKnownFileType = sourcecode.c.objc; path = SWRevealViewController.m; sourceTree = "<group>"; };
		B14080A42604929B00FA0047 /* sidemenu.png */ = {isa = PBXFileReference; lastKnownFileType = image.png; path = sidemenu.png; sourceTree = "<group>"; };
		B14080A7260492E100FA0047 /* FrontViewController.swift */ = {isa = PBXFileReference; lastKnownFileType = sourcecode.swift; path = FrontViewController.swift; sourceTree = "<group>"; };
/* End PBXFileReference section */

/* Begin PBXFrameworksBuildPhase section */
		B1408084260490E400FA0047 /* Frameworks */ = {
			isa = PBXFrameworksBuildPhase;
			buildActionMask = 2147483647;
			files = (
			);
			runOnlyForDeploymentPostprocessing = 0;
		};
/* End PBXFrameworksBuildPhase section */

/* Begin PBXGroup section */
		B140807E260490E400FA0047 = {
			isa = PBXGroup;
			children = (
				B1408089260490E400FA0047 /* Chapter04-SideBar */,
				B1408088260490E400FA0047 /* Products */,
				B140809F2604917900FA0047 /* Chapter04-SideBar-Bridging-Header.h */,
			);
			sourceTree = "<group>";
		};
		B1408088260490E400FA0047 /* Products */ = {
			isa = PBXGroup;
			children = (
				B1408087260490E400FA0047 /* Chapter04-SideBar.app */,
			);
			name = Products;
			sourceTree = "<group>";
		};
		B1408089260490E400FA0047 /* Chapter04-SideBar */ = {
			isa = PBXGroup;
			children = (
				B140808A260490E400FA0047 /* AppDelegate.swift */,
				B140808C260490E400FA0047 /* SceneDelegate.swift */,
				B140808E260490E400FA0047 /* ViewController.swift */,
				B1408090260490E400FA0047 /* Main.storyboard */,
				B1408093260490E500FA0047 /* Assets.xcassets */,
				B1408095260490E500FA0047 /* LaunchScreen.storyboard */,
				B1408098260490E500FA0047 /* Info.plist */,
				B14080A02604917A00FA0047 /* SWRevealViewController.h */,
				B14080A12604917A00FA0047 /* SWRevealViewController.m */,
				B14080A42604929B00FA0047 /* sidemenu.png */,
				B14080A7260492E100FA0047 /* FrontViewController.swift */,
			);
			path = "Chapter04-SideBar";
			sourceTree = "<group>";
		};
/* End PBXGroup section */

/* Begin PBXNativeTarget section */
		B1408086260490E400FA0047 /* Chapter04-SideBar */ = {
			isa = PBXNativeTarget;
			buildConfigurationList = B140809B260490E500FA0047 /* Build configuration list for PBXNativeTarget "Chapter04-SideBar" */;
			buildPhases = (
				B1408083260490E400FA0047 /* Sources */,
				B1408084260490E400FA0047 /* Frameworks */,
				B1408085260490E400FA0047 /* Resources */,
			);
			buildRules = (
			);
			dependencies = (
			);
			name = "Chapter04-SideBar";
			productName = "Chapter04-SideBar";
			productReference = B1408087260490E400FA0047 /* Chapter04-SideBar.app */;
			productType = "com.apple.product-type.application";
		};
/* End PBXNativeTarget section */

/* Begin PBXProject section */
		B140807F260490E400FA0047 /* Project object */ = {
			isa = PBXProject;
			attributes = {
				LastSwiftUpdateCheck = 1240;
				LastUpgradeCheck = 1240;
				TargetAttributes = {
					B1408086260490E400FA0047 = {
						CreatedOnToolsVersion = 12.4;
						LastSwiftMigration = 1240;
					};
				};
			};
			buildConfigurationList = B1408082260490E400FA0047 /* Build configuration list for PBXProject "Chapter04-SideBar" */;
			compatibilityVersion = "Xcode 9.3";
			developmentRegion = en;
			hasScannedForEncodings = 0;
			knownRegions = (
				en,
				Base,
			);
			mainGroup = B140807E260490E400FA0047;
			productRefGroup = B1408088260490E400FA0047 /* Products */;
			projectDirPath = "";
			projectRoot = "";
			targets = (
				B1408086260490E400FA0047 /* Chapter04-SideBar */,
			);
		};
/* End PBXProject section */

/* Begin PBXResourcesBuildPhase section */
		B1408085260490E400FA0047 /* Resources */ = {
			isa = PBXResourcesBuildPhase;
			buildActionMask = 2147483647;
			files = (
				B1408097260490E500FA0047 /* LaunchScreen.storyboard in Resources */,
				B14080A52604929B00FA0047 /* sidemenu.png in Resources */,
				B1408094260490E500FA0047 /* Assets.xcassets in Resources */,
				B1408092260490E400FA0047 /* Main.storyboard in Resources */,
			);
			runOnlyForDeploymentPostprocessing = 0;
		};
/* End PBXResourcesBuildPhase section */

/* Begin PBXSourcesBuildPhase section */
		B1408083260490E400FA0047 /* Sources */ = {
			isa = PBXSourcesBuildPhase;
			buildActionMask = 2147483647;
			files = (
				B140808F260490E400FA0047 /* ViewController.swift in Sources */,
				B140808B260490E400FA0047 /* AppDelegate.swift in Sources */,
				B14080A8260492E100FA0047 /* FrontViewController.swift in Sources */,
				B140808D260490E400FA0047 /* SceneDelegate.swift in Sources */,
				B14080A22604917A00FA0047 /* SWRevealViewController.m in Sources */,
			);
			runOnlyForDeploymentPostprocessing = 0;
		};
/* End PBXSourcesBuildPhase section */

/* Begin PBXVariantGroup section */
		B1408090260490E400FA0047 /* Main.storyboard */ = {
			isa = PBXVariantGroup;
			children = (
				B1408091260490E400FA0047 /* Base */,
			);
			name = Main.storyboard;
			sourceTree = "<group>";
		};
		B1408095260490E500FA0047 /* LaunchScreen.storyboard */ = {
			isa = PBXVariantGroup;
			children = (
				B1408096260490E500FA0047 /* Base */,
			);
			name = LaunchScreen.storyboard;
			sourceTree = "<group>";
		};
/* End PBXVariantGroup section */

/* Begin XCBuildConfiguration section */
		B1408099260490E500FA0047 /* Debug */ = {
			isa = XCBuildConfiguration;
			buildSettings = {
				ALWAYS_SEARCH_USER_PATHS = NO;
				CLANG_ANALYZER_NONNULL = YES;
				CLANG_ANALYZER_NUMBER_OBJECT_CONVERSION = YES_AGGRESSIVE;
				CLANG_CXX_LANGUAGE_STANDARD = "gnu++14";
				CLANG_CXX_LIBRARY = "libc++";
				CLANG_ENABLE_MODULES = YES;
				CLANG_ENABLE_OBJC_ARC = YES;
				CLANG_ENABLE_OBJC_WEAK = YES;
				CLANG_WARN_BLOCK_CAPTURE_AUTORELEASING = YES;
				CLANG_WARN_BOOL_CONVERSION = YES;
				CLANG_WARN_COMMA = YES;
				CLANG_WARN_CONSTANT_CONVERSION = YES;
				CLANG_WARN_DEPRECATED_OBJC_IMPLEMENTATIONS = YES;
				CLANG_WARN_DIRECT_OBJC_ISA_USAGE = YES_ERROR;
				CLANG_WARN_DOCUMENTATION_COMMENTS = YES;
				CLANG_WARN_EMPTY_BODY = YES;
				CLANG_WARN_ENUM_CONVERSION = YES;
				CLANG_WARN_INFINITE_RECURSION = YES;
				CLANG_WARN_INT_CONVERSION = YES;
				CLANG_WARN_NON_LITERAL_NULL_CONVERSION = YES;
				CLANG_WARN_OBJC_IMPLICIT_RETAIN_SELF = YES;
				CLANG_WARN_OBJC_LITERAL_CONVERSION = YES;
				CLANG_WARN_OBJC_ROOT_CLASS = YES_ERROR;
				CLANG_WARN_QUOTED_INCLUDE_IN_FRAMEWORK_HEADER = YES;
				CLANG_WARN_RANGE_LOOP_ANALYSIS = YES;
				CLANG_WARN_STRICT_PROTOTYPES = YES;
				CLANG_WARN_SUSPICIOUS_MOVE = YES;
				CLANG_WARN_UNGUARDED_AVAILABILITY = YES_AGGRESSIVE;
				CLANG_WARN_UNREACHABLE_CODE = YES;
				CLANG_WARN__DUPLICATE_METHOD_MATCH = YES;
				COPY_PHASE_STRIP = NO;
				DEBUG_INFORMATION_FORMAT = dwarf;
				ENABLE_STRICT_OBJC_MSGSEND = YES;
				ENABLE_TESTABILITY = YES;
				GCC_C_LANGUAGE_STANDARD = gnu11;
				GCC_DYNAMIC_NO_PIC = NO;
				GCC_NO_COMMON_BLOCKS = YES;
				GCC_OPTIMIZATION_LEVEL = 0;
				GCC_PREPROCESSOR_DEFINITIONS = (
					"DEBUG=1",
					"$(inherited)",
				);
				GCC_WARN_64_TO_32_BIT_CONVERSION = YES;
				GCC_WARN_ABOUT_RETURN_TYPE = YES_ERROR;
				GCC_WARN_UNDECLARED_SELECTOR = YES;
				GCC_WARN_UNINITIALIZED_AUTOS = YES_AGGRESSIVE;
				GCC_WARN_UNUSED_FUNCTION = YES;
				GCC_WARN_UNUSED_VARIABLE = YES;
				IPHONEOS_DEPLOYMENT_TARGET = 14.4;
				MTL_ENABLE_DEBUG_INFO = INCLUDE_SOURCE;
				MTL_FAST_MATH = YES;
				ONLY_ACTIVE_ARCH = YES;
				SDKROOT = iphoneos;
				SWIFT_ACTIVE_COMPILATION_CONDITIONS = DEBUG;
				SWIFT_OPTIMIZATION_LEVEL = "-Onone";
			};
			name = Debug;
		};
		B140809A260490E500FA0047 /* Release */ = {
			isa = XCBuildConfiguration;
			buildSettings = {
				ALWAYS_SEARCH_USER_PATHS = NO;
				CLANG_ANALYZER_NONNULL = YES;
				CLANG_ANALYZER_NUMBER_OBJECT_CONVERSION = YES_AGGRESSIVE;
				CLANG_CXX_LANGUAGE_STANDARD = "gnu++14";
				CLANG_CXX_LIBRARY = "libc++";
				CLANG_ENABLE_MODULES = YES;
				CLANG_ENABLE_OBJC_ARC = YES;
				CLANG_ENABLE_OBJC_WEAK = YES;
				CLANG_WARN_BLOCK_CAPTURE_AUTORELEASING = YES;
				CLANG_WARN_BOOL_CONVERSION = YES;
				CLANG_WARN_COMMA = YES;
				CLANG_WARN_CONSTANT_CONVERSION = YES;
				CLANG_WARN_DEPRECATED_OBJC_IMPLEMENTATIONS = YES;
				CLANG_WARN_DIRECT_OBJC_ISA_USAGE = YES_ERROR;
				CLANG_WARN_DOCUMENTATION_COMMENTS = YES;
				CLANG_WARN_EMPTY_BODY = YES;
				CLANG_WARN_ENUM_CONVERSION = YES;
				CLANG_WARN_INFINITE_RECURSION = YES;
				CLANG_WARN_INT_CONVERSION = YES;
				CLANG_WARN_NON_LITERAL_NULL_CONVERSION = YES;
				CLANG_WARN_OBJC_IMPLICIT_RETAIN_SELF = YES;
				CLANG_WARN_OBJC_LITERAL_CONVERSION = YES;
				CLANG_WARN_OBJC_ROOT_CLASS = YES_ERROR;
				CLANG_WARN_QUOTED_INCLUDE_IN_FRAMEWORK_HEADER = YES;
				CLANG_WARN_RANGE_LOOP_ANALYSIS = YES;
				CLANG_WARN_STRICT_PROTOTYPES = YES;
				CLANG_WARN_SUSPICIOUS_MOVE = YES;
				CLANG_WARN_UNGUARDED_AVAILABILITY = YES_AGGRESSIVE;
				CLANG_WARN_UNREACHABLE_CODE = YES;
				CLANG_WARN__DUPLICATE_METHOD_MATCH = YES;
				COPY_PHASE_STRIP = NO;
				DEBUG_INFORMATION_FORMAT = "dwarf-with-dsym";
				ENABLE_NS_ASSERTIONS = NO;
				ENABLE_STRICT_OBJC_MSGSEND = YES;
				GCC_C_LANGUAGE_STANDARD = gnu11;
				GCC_NO_COMMON_BLOCKS = YES;
				GCC_WARN_64_TO_32_BIT_CONVERSION = YES;
				GCC_WARN_ABOUT_RETURN_TYPE = YES_ERROR;
				GCC_WARN_UNDECLARED_SELECTOR = YES;
				GCC_WARN_UNINITIALIZED_AUTOS = YES_AGGRESSIVE;
				GCC_WARN_UNUSED_FUNCTION = YES;
				GCC_WARN_UNUSED_VARIABLE = YES;
				IPHONEOS_DEPLOYMENT_TARGET = 14.4;
				MTL_ENABLE_DEBUG_INFO = NO;
				MTL_FAST_MATH = YES;
				SDKROOT = iphoneos;
				SWIFT_COMPILATION_MODE = wholemodule;
				SWIFT_OPTIMIZATION_LEVEL = "-O";
				VALIDATE_PRODUCT = YES;
			};
			name = Release;
		};
		B140809C260490E500FA0047 /* Debug */ = {
			isa = XCBuildConfiguration;
			buildSettings = {
				ASSETCATALOG_COMPILER_APPICON_NAME = AppIcon;
				ASSETCATALOG_COMPILER_GLOBAL_ACCENT_COLOR_NAME = AccentColor;
				CLANG_ENABLE_MODULES = YES;
				CODE_SIGN_STYLE = Automatic;
				DEVELOPMENT_TEAM = 38PD5AHVVF;
				INFOPLIST_FILE = "Chapter04-SideBar/Info.plist";
				LD_RUNPATH_SEARCH_PATHS = (
					"$(inherited)",
					"@executable_path/Frameworks",
				);
				PRODUCT_BUNDLE_IDENTIFIER = "lgw9898.Chapter04-SideBar";
				PRODUCT_NAME = "$(TARGET_NAME)";
				SWIFT_OBJC_BRIDGING_HEADER = "Chapter04-SideBar-Bridging-Header.h";
				SWIFT_OPTIMIZATION_LEVEL = "-Onone";
				SWIFT_VERSION = 5.0;
				TARGETED_DEVICE_FAMILY = "1,2";
			};
			name = Debug;
		};
		B140809D260490E500FA0047 /* Release */ = {
			isa = XCBuildConfiguration;
			buildSettings = {
				ASSETCATALOG_COMPILER_APPICON_NAME = AppIcon;
				ASSETCATALOG_COMPILER_GLOBAL_ACCENT_COLOR_NAME = AccentColor;
				CLANG_ENABLE_MODULES = YES;
				CODE_SIGN_STYLE = Automatic;
				DEVELOPMENT_TEAM = 38PD5AHVVF;
				INFOPLIST_FILE = "Chapter04-SideBar/Info.plist";
				LD_RUNPATH_SEARCH_PATHS = (
					"$(inherited)",
					"@executable_path/Frameworks",
				);
				PRODUCT_BUNDLE_IDENTIFIER = "lgw9898.Chapter04-SideBar";
				PRODUCT_NAME = "$(TARGET_NAME)";
				SWIFT_OBJC_BRIDGING_HEADER = "Chapter04-SideBar-Bridging-Header.h";
				SWIFT_VERSION = 5.0;
				TARGETED_DEVICE_FAMILY = "1,2";
			};
			name = Release;
		};
/* End XCBuildConfiguration section */

/* Begin XCConfigurationList section */
		B1408082260490E400FA0047 /* Build configuration list for PBXProject "Chapter04-SideBar" */ = {
			isa = XCConfigurationList;
			buildConfigurations = (
				B1408099260490E500FA0047 /* Debug */,
				B140809A260490E500FA0047 /* Release */,
			);
			defaultConfigurationIsVisible = 0;
			defaultConfigurationName = Release;
		};
		B140809B260490E500FA0047 /* Build configuration list for PBXNativeTarget "Chapter04-SideBar" */ = {
			isa = XCConfigurationList;
			buildConfigurations = (
				B140809C260490E500FA0047 /* Debug */,
				B140809D260490E500FA0047 /* Release */,
			);
			defaultConfigurationIsVisible = 0;
			defaultConfigurationName = Release;
		};
/* End XCConfigurationList section */
	};
	rootObject = B140807F260490E400FA0047 /* Project object */;
}
