// !$*UTF8*$!
{
	archiveVersion = 1;
	classes = {
	};
	objectVersion = 50;
	objects = {

/* Begin PBXBuildFile section */
		B1482DF92605C21500515995 /* AppDelegate.swift in Sources */ = {isa = PBXBuildFile; fileRef = B1482DF82605C21500515995 /* AppDelegate.swift */; };
		B1482DFB2605C21500515995 /* SceneDelegate.swift in Sources */ = {isa = PBXBuildFile; fileRef = B1482DFA2605C21500515995 /* SceneDelegate.swift */; };
		B1482DFD2605C21500515995 /* ViewController.swift in Sources */ = {isa = PBXBuildFile; fileRef = B1482DFC2605C21500515995 /* ViewController.swift */; };
		B1482E002605C21500515995 /* Main.storyboard in Resources */ = {isa = PBXBuildFile; fileRef = B1482DFE2605C21500515995 /* Main.storyboard */; };
		B1482E022605C21500515995 /* Assets.xcassets in Resources */ = {isa = PBXBuildFile; fileRef = B1482E012605C21500515995 /* Assets.xcassets */; };
		B1482E052605C21500515995 /* LaunchScreen.storyboard in Resources */ = {isa = PBXBuildFile; fileRef = B1482E032605C21500515995 /* LaunchScreen.storyboard */; };
		B1482E132605C24200515995 /* icon02.png in Resources */ = {isa = PBXBuildFile; fileRef = B1482E0D2605C24100515995 /* icon02.png */; };
		B1482E142605C24200515995 /* icon01.png in Resources */ = {isa = PBXBuildFile; fileRef = B1482E0E2605C24100515995 /* icon01.png */; };
		B1482E152605C24200515995 /* icon05.png in Resources */ = {isa = PBXBuildFile; fileRef = B1482E0F2605C24200515995 /* icon05.png */; };
		B1482E162605C24200515995 /* sidemenu.png in Resources */ = {isa = PBXBuildFile; fileRef = B1482E102605C24200515995 /* sidemenu.png */; };
		B1482E172605C24200515995 /* icon03.png in Resources */ = {isa = PBXBuildFile; fileRef = B1482E112605C24200515995 /* icon03.png */; };
		B1482E182605C24200515995 /* icon04.png in Resources */ = {isa = PBXBuildFile; fileRef = B1482E122605C24200515995 /* icon04.png */; };
		B1482E1B2605C27900515995 /* RevealViewController.swift in Sources */ = {isa = PBXBuildFile; fileRef = B1482E1A2605C27900515995 /* RevealViewController.swift */; };
		B1482E1E2605C2B800515995 /* FrontViewController.swift in Sources */ = {isa = PBXBuildFile; fileRef = B1482E1D2605C2B800515995 /* FrontViewController.swift */; };
		B1482E212605C2C900515995 /* SideBarViewController.swift in Sources */ = {isa = PBXBuildFile; fileRef = B1482E202605C2C900515995 /* SideBarViewController.swift */; };
/* End PBXBuildFile section */

/* Begin PBXFileReference section */
		B1482DF52605C21500515995 /* Chapter04-SideBarDly.app */ = {isa = PBXFileReference; explicitFileType = wrapper.application; includeInIndex = 0; path = "Chapter04-SideBarDly.app"; sourceTree = BUILT_PRODUCTS_DIR; };
		B1482DF82605C21500515995 /* AppDelegate.swift */ = {isa = PBXFileReference; lastKnownFileType = sourcecode.swift; path = AppDelegate.swift; sourceTree = "<group>"; };
		B1482DFA2605C21500515995 /* SceneDelegate.swift */ = {isa = PBXFileReference; lastKnownFileType = sourcecode.swift; path = SceneDelegate.swift; sourceTree = "<group>"; };
		B1482DFC2605C21500515995 /* ViewController.swift */ = {isa = PBXFileReference; lastKnownFileType = sourcecode.swift; path = ViewController.swift; sourceTree = "<group>"; };
		B1482DFF2605C21500515995 /* Base */ = {isa = PBXFileReference; lastKnownFileType = file.storyboard; name = Base; path = Base.lproj/Main.storyboard; sourceTree = "<group>"; };
		B1482E012605C21500515995 /* Assets.xcassets */ = {isa = PBXFileReference; lastKnownFileType = folder.assetcatalog; path = Assets.xcassets; sourceTree = "<group>"; };
		B1482E042605C21500515995 /* Base */ = {isa = PBXFileReference; lastKnownFileType = file.storyboard; name = Base; path = Base.lproj/LaunchScreen.storyboard; sourceTree = "<group>"; };
		B1482E062605C21500515995 /* Info.plist */ = {isa = PBXFileReference; lastKnownFileType = text.plist.xml; path = Info.plist; sourceTree = "<group>"; };
		B1482E0D2605C24100515995 /* icon02.png */ = {isa = PBXFileReference; lastKnownFileType = image.png; path = icon02.png; sourceTree = "<group>"; };
		B1482E0E2605C24100515995 /* icon01.png */ = {isa = PBXFileReference; lastKnownFileType = image.png; path = icon01.png; sourceTree = "<group>"; };
		B1482E0F2605C24200515995 /* icon05.png */ = {isa = PBXFileReference; lastKnownFileType = image.png; path = icon05.png; sourceTree = "<group>"; };
		B1482E102605C24200515995 /* sidemenu.png */ = {isa = PBXFileReference; lastKnownFileType = image.png; path = sidemenu.png; sourceTree = "<group>"; };
		B1482E112605C24200515995 /* icon03.png */ = {isa = PBXFileReference; lastKnownFileType = image.png; path = icon03.png; sourceTree = "<group>"; };
		B1482E122605C24200515995 /* icon04.png */ = {isa = PBXFileReference; lastKnownFileType = image.png; path = icon04.png; sourceTree = "<group>"; };
		B1482E1A2605C27900515995 /* RevealViewController.swift */ = {isa = PBXFileReference; lastKnownFileType = sourcecode.swift; path = RevealViewController.swift; sourceTree = "<group>"; };
		B1482E1D2605C2B800515995 /* FrontViewController.swift */ = {isa = PBXFileReference; lastKnownFileType = sourcecode.swift; path = FrontViewController.swift; sourceTree = "<group>"; };
		B1482E202605C2C900515995 /* SideBarViewController.swift */ = {isa = PBXFileReference; lastKnownFileType = sourcecode.swift; path = SideBarViewController.swift; sourceTree = "<group>"; };
/* End PBXFileReference section */

/* Begin PBXFrameworksBuildPhase section */
		B1482DF22605C21500515995 /* Frameworks */ = {
			isa = PBXFrameworksBuildPhase;
			buildActionMask = 2147483647;
			files = (
			);
			runOnlyForDeploymentPostprocessing = 0;
		};
/* End PBXFrameworksBuildPhase section */

/* Begin PBXGroup section */
		B1482DEC2605C21500515995 = {
			isa = PBXGroup;
			children = (
				B1482DF72605C21500515995 /* Chapter04-SideBarDly */,
				B1482DF62605C21500515995 /* Products */,
			);
			sourceTree = "<group>";
		};
		B1482DF62605C21500515995 /* Products */ = {
			isa = PBXGroup;
			children = (
				B1482DF52605C21500515995 /* Chapter04-SideBarDly.app */,
			);
			name = Products;
			sourceTree = "<group>";
		};
		B1482DF72605C21500515995 /* Chapter04-SideBarDly */ = {
			isa = PBXGroup;
			children = (
				B1482DF82605C21500515995 /* AppDelegate.swift */,
				B1482DFA2605C21500515995 /* SceneDelegate.swift */,
				B1482DFC2605C21500515995 /* ViewController.swift */,
				B1482DFE2605C21500515995 /* Main.storyboard */,
				B1482E012605C21500515995 /* Assets.xcassets */,
				B1482E032605C21500515995 /* LaunchScreen.storyboard */,
				B1482E0E2605C24100515995 /* icon01.png */,
				B1482E0D2605C24100515995 /* icon02.png */,
				B1482E112605C24200515995 /* icon03.png */,
				B1482E122605C24200515995 /* icon04.png */,
				B1482E0F2605C24200515995 /* icon05.png */,
				B1482E102605C24200515995 /* sidemenu.png */,
				B1482E062605C21500515995 /* Info.plist */,
				B1482E1A2605C27900515995 /* RevealViewController.swift */,
				B1482E1D2605C2B800515995 /* FrontViewController.swift */,
				B1482E202605C2C900515995 /* SideBarViewController.swift */,
			);
			path = "Chapter04-SideBarDly";
			sourceTree = "<group>";
		};
/* End PBXGroup section */

/* Begin PBXNativeTarget section */
		B1482DF42605C21500515995 /* Chapter04-SideBarDly */ = {
			isa = PBXNativeTarget;
			buildConfigurationList = B1482E092605C21500515995 /* Build configuration list for PBXNativeTarget "Chapter04-SideBarDly" */;
			buildPhases = (
				B1482DF12605C21500515995 /* Sources */,
				B1482DF22605C21500515995 /* Frameworks */,
				B1482DF32605C21500515995 /* Resources */,
			);
			buildRules = (
			);
			dependencies = (
			);
			name = "Chapter04-SideBarDly";
			productName = "Chapter04-SideBarDly";
			productReference = B1482DF52605C21500515995 /* Chapter04-SideBarDly.app */;
			productType = "com.apple.product-type.application";
		};
/* End PBXNativeTarget section */

/* Begin PBXProject section */
		B1482DED2605C21500515995 /* Project object */ = {
			isa = PBXProject;
			attributes = {
				LastSwiftUpdateCheck = 1240;
				LastUpgradeCheck = 1240;
				TargetAttributes = {
					B1482DF42605C21500515995 = {
						CreatedOnToolsVersion = 12.4;
					};
				};
			};
			buildConfigurationList = B1482DF02605C21500515995 /* Build configuration list for PBXProject "Chapter04-SideBarDly" */;
			compatibilityVersion = "Xcode 9.3";
			developmentRegion = en;
			hasScannedForEncodings = 0;
			knownRegions = (
				en,
				Base,
			);
			mainGroup = B1482DEC2605C21500515995;
			productRefGroup = B1482DF62605C21500515995 /* Products */;
			projectDirPath = "";
			projectRoot = "";
			targets = (
				B1482DF42605C21500515995 /* Chapter04-SideBarDly */,
			);
		};
/* End PBXProject section */

/* Begin PBXResourcesBuildPhase section */
		B1482DF32605C21500515995 /* Resources */ = {
			isa = PBXResourcesBuildPhase;
			buildActionMask = 2147483647;
			files = (
				B1482E132605C24200515995 /* icon02.png in Resources */,
				B1482E172605C24200515995 /* icon03.png in Resources */,
				B1482E152605C24200515995 /* icon05.png in Resources */,
				B1482E052605C21500515995 /* LaunchScreen.storyboard in Resources */,
				B1482E022605C21500515995 /* Assets.xcassets in Resources */,
				B1482E182605C24200515995 /* icon04.png in Resources */,
				B1482E002605C21500515995 /* Main.storyboard in Resources */,
				B1482E142605C24200515995 /* icon01.png in Resources */,
				B1482E162605C24200515995 /* sidemenu.png in Resources */,
			);
			runOnlyForDeploymentPostprocessing = 0;
		};
/* End PBXResourcesBuildPhase section */

/* Begin PBXSourcesBuildPhase section */
		B1482DF12605C21500515995 /* Sources */ = {
			isa = PBXSourcesBuildPhase;
			buildActionMask = 2147483647;
			files = (
				B1482DFD2605C21500515995 /* ViewController.swift in Sources */,
				B1482E212605C2C900515995 /* SideBarViewController.swift in Sources */,
				B1482DF92605C21500515995 /* AppDelegate.swift in Sources */,
				B1482E1E2605C2B800515995 /* FrontViewController.swift in Sources */,
				B1482DFB2605C21500515995 /* SceneDelegate.swift in Sources */,
				B1482E1B2605C27900515995 /* RevealViewController.swift in Sources */,
			);
			runOnlyForDeploymentPostprocessing = 0;
		};
/* End PBXSourcesBuildPhase section */

/* Begin PBXVariantGroup section */
		B1482DFE2605C21500515995 /* Main.storyboard */ = {
			isa = PBXVariantGroup;
			children = (
				B1482DFF2605C21500515995 /* Base */,
			);
			name = Main.storyboard;
			sourceTree = "<group>";
		};
		B1482E032605C21500515995 /* LaunchScreen.storyboard */ = {
			isa = PBXVariantGroup;
			children = (
				B1482E042605C21500515995 /* Base */,
			);
			name = LaunchScreen.storyboard;
			sourceTree = "<group>";
		};
/* End PBXVariantGroup section */

/* Begin XCBuildConfiguration section */
		B1482E072605C21500515995 /* Debug */ = {
			isa = XCBuildConfiguration;
			buildSettings = {
				ALWAYS_SEARCH_USER_PATHS = NO;
				CLANG_ANALYZER_NONNULL = YES;
				CLANG_ANALYZER_NUMBER_OBJECT_CONVERSION = YES_AGGRESSIVE;
				CLANG_CXX_LANGUAGE_STANDARD = "gnu++14";
				CLANG_CXX_LIBRARY = "libc++";
				CLANG_ENABLE_MODULES = YES;
				CLANG_ENABLE_OBJC_ARC = YES;
				CLANG_ENABLE_OBJC_WEAK = YES;
				CLANG_WARN_BLOCK_CAPTURE_AUTORELEASING = YES;
				CLANG_WARN_BOOL_CONVERSION = YES;
				CLANG_WARN_COMMA = YES;
				CLANG_WARN_CONSTANT_CONVERSION = YES;
				CLANG_WARN_DEPRECATED_OBJC_IMPLEMENTATIONS = YES;
				CLANG_WARN_DIRECT_OBJC_ISA_USAGE = YES_ERROR;
				CLANG_WARN_DOCUMENTATION_COMMENTS = YES;
				CLANG_WARN_EMPTY_BODY = YES;
				CLANG_WARN_ENUM_CONVERSION = YES;
				CLANG_WARN_INFINITE_RECURSION = YES;
				CLANG_WARN_INT_CONVERSION = YES;
				CLANG_WARN_NON_LITERAL_NULL_CONVERSION = YES;
				CLANG_WARN_OBJC_IMPLICIT_RETAIN_SELF = YES;
				CLANG_WARN_OBJC_LITERAL_CONVERSION = YES;
				CLANG_WARN_OBJC_ROOT_CLASS = YES_ERROR;
				CLANG_WARN_QUOTED_INCLUDE_IN_FRAMEWORK_HEADER = YES;
				CLANG_WARN_RANGE_LOOP_ANALYSIS = YES;
				CLANG_WARN_STRICT_PROTOTYPES = YES;
				CLANG_WARN_SUSPICIOUS_MOVE = YES;
				CLANG_WARN_UNGUARDED_AVAILABILITY = YES_AGGRESSIVE;
				CLANG_WARN_UNREACHABLE_CODE = YES;
				CLANG_WARN__DUPLICATE_METHOD_MATCH = YES;
				COPY_PHASE_STRIP = NO;
				DEBUG_INFORMATION_FORMAT = dwarf;
				ENABLE_STRICT_OBJC_MSGSEND = YES;
				ENABLE_TESTABILITY = YES;
				GCC_C_LANGUAGE_STANDARD = gnu11;
				GCC_DYNAMIC_NO_PIC = NO;
				GCC_NO_COMMON_BLOCKS = YES;
				GCC_OPTIMIZATION_LEVEL = 0;
				GCC_PREPROCESSOR_DEFINITIONS = (
					"DEBUG=1",
					"$(inherited)",
				);
				GCC_WARN_64_TO_32_BIT_CONVERSION = YES;
				GCC_WARN_ABOUT_RETURN_TYPE = YES_ERROR;
				GCC_WARN_UNDECLARED_SELECTOR = YES;
				GCC_WARN_UNINITIALIZED_AUTOS = YES_AGGRESSIVE;
				GCC_WARN_UNUSED_FUNCTION = YES;
				GCC_WARN_UNUSED_VARIABLE = YES;
				IPHONEOS_DEPLOYMENT_TARGET = 14.4;
				MTL_ENABLE_DEBUG_INFO = INCLUDE_SOURCE;
				MTL_FAST_MATH = YES;
				ONLY_ACTIVE_ARCH = YES;
				SDKROOT = iphoneos;
				SWIFT_ACTIVE_COMPILATION_CONDITIONS = DEBUG;
				SWIFT_OPTIMIZATION_LEVEL = "-Onone";
			};
			name = Debug;
		};
		B1482E082605C21500515995 /* Release */ = {
			isa = XCBuildConfiguration;
			buildSettings = {
				ALWAYS_SEARCH_USER_PATHS = NO;
				CLANG_ANALYZER_NONNULL = YES;
				CLANG_ANALYZER_NUMBER_OBJECT_CONVERSION = YES_AGGRESSIVE;
				CLANG_CXX_LANGUAGE_STANDARD = "gnu++14";
				CLANG_CXX_LIBRARY = "libc++";
				CLANG_ENABLE_MODULES = YES;
				CLANG_ENABLE_OBJC_ARC = YES;
				CLANG_ENABLE_OBJC_WEAK = YES;
				CLANG_WARN_BLOCK_CAPTURE_AUTORELEASING = YES;
				CLANG_WARN_BOOL_CONVERSION = YES;
				CLANG_WARN_COMMA = YES;
				CLANG_WARN_CONSTANT_CONVERSION = YES;
				CLANG_WARN_DEPRECATED_OBJC_IMPLEMENTATIONS = YES;
				CLANG_WARN_DIRECT_OBJC_ISA_USAGE = YES_ERROR;
				CLANG_WARN_DOCUMENTATION_COMMENTS = YES;
				CLANG_WARN_EMPTY_BODY = YES;
				CLANG_WARN_ENUM_CONVERSION = YES;
				CLANG_WARN_INFINITE_RECURSION = YES;
				CLANG_WARN_INT_CONVERSION = YES;
				CLANG_WARN_NON_LITERAL_NULL_CONVERSION = YES;
				CLANG_WARN_OBJC_IMPLICIT_RETAIN_SELF = YES;
				CLANG_WARN_OBJC_LITERAL_CONVERSION = YES;
				CLANG_WARN_OBJC_ROOT_CLASS = YES_ERROR;
				CLANG_WARN_QUOTED_INCLUDE_IN_FRAMEWORK_HEADER = YES;
				CLANG_WARN_RANGE_LOOP_ANALYSIS = YES;
				CLANG_WARN_STRICT_PROTOTYPES = YES;
				CLANG_WARN_SUSPICIOUS_MOVE = YES;
				CLANG_WARN_UNGUARDED_AVAILABILITY = YES_AGGRESSIVE;
				CLANG_WARN_UNREACHABLE_CODE = YES;
				CLANG_WARN__DUPLICATE_METHOD_MATCH = YES;
				COPY_PHASE_STRIP = NO;
				DEBUG_INFORMATION_FORMAT = "dwarf-with-dsym";
				ENABLE_NS_ASSERTIONS = NO;
				ENABLE_STRICT_OBJC_MSGSEND = YES;
				GCC_C_LANGUAGE_STANDARD = gnu11;
				GCC_NO_COMMON_BLOCKS = YES;
				GCC_WARN_64_TO_32_BIT_CONVERSION = YES;
				GCC_WARN_ABOUT_RETURN_TYPE = YES_ERROR;
				GCC_WARN_UNDECLARED_SELECTOR = YES;
				GCC_WARN_UNINITIALIZED_AUTOS = YES_AGGRESSIVE;
				GCC_WARN_UNUSED_FUNCTION = YES;
				GCC_WARN_UNUSED_VARIABLE = YES;
				IPHONEOS_DEPLOYMENT_TARGET = 14.4;
				MTL_ENABLE_DEBUG_INFO = NO;
				MTL_FAST_MATH = YES;
				SDKROOT = iphoneos;
				SWIFT_COMPILATION_MODE = wholemodule;
				SWIFT_OPTIMIZATION_LEVEL = "-O";
				VALIDATE_PRODUCT = YES;
			};
			name = Release;
		};
		B1482E0A2605C21500515995 /* Debug */ = {
			isa = XCBuildConfiguration;
			buildSettings = {
				ASSETCATALOG_COMPILER_APPICON_NAME = AppIcon;
				ASSETCATALOG_COMPILER_GLOBAL_ACCENT_COLOR_NAME = AccentColor;
				CODE_SIGN_STYLE = Automatic;
				DEVELOPMENT_TEAM = 38PD5AHVVF;
				INFOPLIST_FILE = "Chapter04-SideBarDly/Info.plist";
				LD_RUNPATH_SEARCH_PATHS = (
					"$(inherited)",
					"@executable_path/Frameworks",
				);
				PRODUCT_BUNDLE_IDENTIFIER = "lgw9898.Chapter04-SideBarDly";
				PRODUCT_NAME = "$(TARGET_NAME)";
				SWIFT_VERSION = 5.0;
				TARGETED_DEVICE_FAMILY = "1,2";
			};
			name = Debug;
		};
		B1482E0B2605C21500515995 /* Release */ = {
			isa = XCBuildConfiguration;
			buildSettings = {
				ASSETCATALOG_COMPILER_APPICON_NAME = AppIcon;
				ASSETCATALOG_COMPILER_GLOBAL_ACCENT_COLOR_NAME = AccentColor;
				CODE_SIGN_STYLE = Automatic;
				DEVELOPMENT_TEAM = 38PD5AHVVF;
				INFOPLIST_FILE = "Chapter04-SideBarDly/Info.plist";
				LD_RUNPATH_SEARCH_PATHS = (
					"$(inherited)",
					"@executable_path/Frameworks",
				);
				PRODUCT_BUNDLE_IDENTIFIER = "lgw9898.Chapter04-SideBarDly";
				PRODUCT_NAME = "$(TARGET_NAME)";
				SWIFT_VERSION = 5.0;
				TARGETED_DEVICE_FAMILY = "1,2";
			};
			name = Release;
		};
/* End XCBuildConfiguration section */

/* Begin XCConfigurationList section */
		B1482DF02605C21500515995 /* Build configuration list for PBXProject "Chapter04-SideBarDly" */ = {
			isa = XCConfigurationList;
			buildConfigurations = (
				B1482E072605C21500515995 /* Debug */,
				B1482E082605C21500515995 /* Release */,
			);
			defaultConfigurationIsVisible = 0;
			defaultConfigurationName = Release;
		};
		B1482E092605C21500515995 /* Build configuration list for PBXNativeTarget "Chapter04-SideBarDly" */ = {
			isa = XCConfigurationList;
			buildConfigurations = (
				B1482E0A2605C21500515995 /* Debug */,
				B1482E0B2605C21500515995 /* Release */,
			);
			defaultConfigurationIsVisible = 0;
			defaultConfigurationName = Release;
		};
/* End XCConfigurationList section */
	};
	rootObject = B1482DED2605C21500515995 /* Project object */;
}
