// !$*UTF8*$!
{
	archiveVersion = 1;
	classes = {
	};
	objectVersion = 50;
	objects = {

/* Begin PBXBuildFile section */
		B1221BE0260F1C2000DB9578 /* AppDelegate.swift in Sources */ = {isa = PBXBuildFile; fileRef = B1221BDF260F1C2000DB9578 /* AppDelegate.swift */; };
		B1221BE2260F1C2000DB9578 /* SceneDelegate.swift in Sources */ = {isa = PBXBuildFile; fileRef = B1221BE1260F1C2000DB9578 /* SceneDelegate.swift */; };
		B1221BE4260F1C2000DB9578 /* ViewController.swift in Sources */ = {isa = PBXBuildFile; fileRef = B1221BE3260F1C2000DB9578 /* ViewController.swift */; };
		B1221BE7260F1C2000DB9578 /* Main.storyboard in Resources */ = {isa = PBXBuildFile; fileRef = B1221BE5260F1C2000DB9578 /* Main.storyboard */; };
		B1221BE9260F1C2100DB9578 /* Assets.xcassets in Resources */ = {isa = PBXBuildFile; fileRef = B1221BE8260F1C2100DB9578 /* Assets.xcassets */; };
		B1221BEC260F1C2100DB9578 /* LaunchScreen.storyboard in Resources */ = {isa = PBXBuildFile; fileRef = B1221BEA260F1C2100DB9578 /* LaunchScreen.storyboard */; };
		B1221BF5260F1FA300DB9578 /* ListViewController.swift in Sources */ = {isa = PBXBuildFile; fileRef = B1221BF4260F1FA300DB9578 /* ListViewController.swift */; };
		B1221BF9260F870B00DB9578 /* UserInfo.plist in Resources */ = {isa = PBXBuildFile; fileRef = B1221BF8260F870B00DB9578 /* UserInfo.plist */; };
/* End PBXBuildFile section */

/* Begin PBXFileReference section */
		B1221BDC260F1C2000DB9578 /* Chapter05-CustomPlist.app */ = {isa = PBXFileReference; explicitFileType = wrapper.application; includeInIndex = 0; path = "Chapter05-CustomPlist.app"; sourceTree = BUILT_PRODUCTS_DIR; };
		B1221BDF260F1C2000DB9578 /* AppDelegate.swift */ = {isa = PBXFileReference; lastKnownFileType = sourcecode.swift; path = AppDelegate.swift; sourceTree = "<group>"; };
		B1221BE1260F1C2000DB9578 /* SceneDelegate.swift */ = {isa = PBXFileReference; lastKnownFileType = sourcecode.swift; path = SceneDelegate.swift; sourceTree = "<group>"; };
		B1221BE3260F1C2000DB9578 /* ViewController.swift */ = {isa = PBXFileReference; lastKnownFileType = sourcecode.swift; path = ViewController.swift; sourceTree = "<group>"; };
		B1221BE6260F1C2000DB9578 /* Base */ = {isa = PBXFileReference; lastKnownFileType = file.storyboard; name = Base; path = Base.lproj/Main.storyboard; sourceTree = "<group>"; };
		B1221BE8260F1C2100DB9578 /* Assets.xcassets */ = {isa = PBXFileReference; lastKnownFileType = folder.assetcatalog; path = Assets.xcassets; sourceTree = "<group>"; };
		B1221BEB260F1C2100DB9578 /* Base */ = {isa = PBXFileReference; lastKnownFileType = file.storyboard; name = Base; path = Base.lproj/LaunchScreen.storyboard; sourceTree = "<group>"; };
		B1221BED260F1C2100DB9578 /* Info.plist */ = {isa = PBXFileReference; lastKnownFileType = text.plist.xml; path = Info.plist; sourceTree = "<group>"; };
		B1221BF4260F1FA300DB9578 /* ListViewController.swift */ = {isa = PBXFileReference; lastKnownFileType = sourcecode.swift; path = ListViewController.swift; sourceTree = "<group>"; };
		B1221BF8260F870B00DB9578 /* UserInfo.plist */ = {isa = PBXFileReference; lastKnownFileType = text.plist.xml; path = UserInfo.plist; sourceTree = "<group>"; };
/* End PBXFileReference section */

/* Begin PBXFrameworksBuildPhase section */
		B1221BD9260F1C2000DB9578 /* Frameworks */ = {
			isa = PBXFrameworksBuildPhase;
			buildActionMask = 2147483647;
			files = (
			);
			runOnlyForDeploymentPostprocessing = 0;
		};
/* End PBXFrameworksBuildPhase section */

/* Begin PBXGroup section */
		B1221BD3260F1C2000DB9578 = {
			isa = PBXGroup;
			children = (
				B1221BDE260F1C2000DB9578 /* Chapter05-CustomPlist */,
				B1221BDD260F1C2000DB9578 /* Products */,
			);
			sourceTree = "<group>";
		};
		B1221BDD260F1C2000DB9578 /* Products */ = {
			isa = PBXGroup;
			children = (
				B1221BDC260F1C2000DB9578 /* Chapter05-CustomPlist.app */,
			);
			name = Products;
			sourceTree = "<group>";
		};
		B1221BDE260F1C2000DB9578 /* Chapter05-CustomPlist */ = {
			isa = PBXGroup;
			children = (
				B1221BDF260F1C2000DB9578 /* AppDelegate.swift */,
				B1221BE1260F1C2000DB9578 /* SceneDelegate.swift */,
				B1221BE3260F1C2000DB9578 /* ViewController.swift */,
				B1221BE5260F1C2000DB9578 /* Main.storyboard */,
				B1221BE8260F1C2100DB9578 /* Assets.xcassets */,
				B1221BEA260F1C2100DB9578 /* LaunchScreen.storyboard */,
				B1221BED260F1C2100DB9578 /* Info.plist */,
				B1221BF4260F1FA300DB9578 /* ListViewController.swift */,
				B1221BF8260F870B00DB9578 /* UserInfo.plist */,
			);
			path = "Chapter05-CustomPlist";
			sourceTree = "<group>";
		};
/* End PBXGroup section */

/* Begin PBXNativeTarget section */
		B1221BDB260F1C2000DB9578 /* Chapter05-CustomPlist */ = {
			isa = PBXNativeTarget;
			buildConfigurationList = B1221BF0260F1C2100DB9578 /* Build configuration list for PBXNativeTarget "Chapter05-CustomPlist" */;
			buildPhases = (
				B1221BD8260F1C2000DB9578 /* Sources */,
				B1221BD9260F1C2000DB9578 /* Frameworks */,
				B1221BDA260F1C2000DB9578 /* Resources */,
			);
			buildRules = (
			);
			dependencies = (
			);
			name = "Chapter05-CustomPlist";
			productName = "Chapter05-CustomPlist";
			productReference = B1221BDC260F1C2000DB9578 /* Chapter05-CustomPlist.app */;
			productType = "com.apple.product-type.application";
		};
/* End PBXNativeTarget section */

/* Begin PBXProject section */
		B1221BD4260F1C2000DB9578 /* Project object */ = {
			isa = PBXProject;
			attributes = {
				LastSwiftUpdateCheck = 1240;
				LastUpgradeCheck = 1240;
				TargetAttributes = {
					B1221BDB260F1C2000DB9578 = {
						CreatedOnToolsVersion = 12.4;
					};
				};
			};
			buildConfigurationList = B1221BD7260F1C2000DB9578 /* Build configuration list for PBXProject "Chapter05-CustomPlist" */;
			compatibilityVersion = "Xcode 9.3";
			developmentRegion = en;
			hasScannedForEncodings = 0;
			knownRegions = (
				en,
				Base,
			);
			mainGroup = B1221BD3260F1C2000DB9578;
			productRefGroup = B1221BDD260F1C2000DB9578 /* Products */;
			projectDirPath = "";
			projectRoot = "";
			targets = (
				B1221BDB260F1C2000DB9578 /* Chapter05-CustomPlist */,
			);
		};
/* End PBXProject section */

/* Begin PBXResourcesBuildPhase section */
		B1221BDA260F1C2000DB9578 /* Resources */ = {
			isa = PBXResourcesBuildPhase;
			buildActionMask = 2147483647;
			files = (
				B1221BEC260F1C2100DB9578 /* LaunchScreen.storyboard in Resources */,
				B1221BE9260F1C2100DB9578 /* Assets.xcassets in Resources */,
				B1221BE7260F1C2000DB9578 /* Main.storyboard in Resources */,
				B1221BF9260F870B00DB9578 /* UserInfo.plist in Resources */,
			);
			runOnlyForDeploymentPostprocessing = 0;
		};
/* End PBXResourcesBuildPhase section */

/* Begin PBXSourcesBuildPhase section */
		B1221BD8260F1C2000DB9578 /* Sources */ = {
			isa = PBXSourcesBuildPhase;
			buildActionMask = 2147483647;
			files = (
				B1221BE4260F1C2000DB9578 /* ViewController.swift in Sources */,
				B1221BE0260F1C2000DB9578 /* AppDelegate.swift in Sources */,
				B1221BF5260F1FA300DB9578 /* ListViewController.swift in Sources */,
				B1221BE2260F1C2000DB9578 /* SceneDelegate.swift in Sources */,
			);
			runOnlyForDeploymentPostprocessing = 0;
		};
/* End PBXSourcesBuildPhase section */

/* Begin PBXVariantGroup section */
		B1221BE5260F1C2000DB9578 /* Main.storyboard */ = {
			isa = PBXVariantGroup;
			children = (
				B1221BE6260F1C2000DB9578 /* Base */,
			);
			name = Main.storyboard;
			sourceTree = "<group>";
		};
		B1221BEA260F1C2100DB9578 /* LaunchScreen.storyboard */ = {
			isa = PBXVariantGroup;
			children = (
				B1221BEB260F1C2100DB9578 /* Base */,
			);
			name = LaunchScreen.storyboard;
			sourceTree = "<group>";
		};
/* End PBXVariantGroup section */

/* Begin XCBuildConfiguration section */
		B1221BEE260F1C2100DB9578 /* Debug */ = {
			isa = XCBuildConfiguration;
			buildSettings = {
				ALWAYS_SEARCH_USER_PATHS = NO;
				CLANG_ANALYZER_NONNULL = YES;
				CLANG_ANALYZER_NUMBER_OBJECT_CONVERSION = YES_AGGRESSIVE;
				CLANG_CXX_LANGUAGE_STANDARD = "gnu++14";
				CLANG_CXX_LIBRARY = "libc++";
				CLANG_ENABLE_MODULES = YES;
				CLANG_ENABLE_OBJC_ARC = YES;
				CLANG_ENABLE_OBJC_WEAK = YES;
				CLANG_WARN_BLOCK_CAPTURE_AUTORELEASING = YES;
				CLANG_WARN_BOOL_CONVERSION = YES;
				CLANG_WARN_COMMA = YES;
				CLANG_WARN_CONSTANT_CONVERSION = YES;
				CLANG_WARN_DEPRECATED_OBJC_IMPLEMENTATIONS = YES;
				CLANG_WARN_DIRECT_OBJC_ISA_USAGE = YES_ERROR;
				CLANG_WARN_DOCUMENTATION_COMMENTS = YES;
				CLANG_WARN_EMPTY_BODY = YES;
				CLANG_WARN_ENUM_CONVERSION = YES;
				CLANG_WARN_INFINITE_RECURSION = YES;
				CLANG_WARN_INT_CONVERSION = YES;
				CLANG_WARN_NON_LITERAL_NULL_CONVERSION = YES;
				CLANG_WARN_OBJC_IMPLICIT_RETAIN_SELF = YES;
				CLANG_WARN_OBJC_LITERAL_CONVERSION = YES;
				CLANG_WARN_OBJC_ROOT_CLASS = YES_ERROR;
				CLANG_WARN_QUOTED_INCLUDE_IN_FRAMEWORK_HEADER = YES;
				CLANG_WARN_RANGE_LOOP_ANALYSIS = YES;
				CLANG_WARN_STRICT_PROTOTYPES = YES;
				CLANG_WARN_SUSPICIOUS_MOVE = YES;
				CLANG_WARN_UNGUARDED_AVAILABILITY = YES_AGGRESSIVE;
				CLANG_WARN_UNREACHABLE_CODE = YES;
				CLANG_WARN__DUPLICATE_METHOD_MATCH = YES;
				COPY_PHASE_STRIP = NO;
				DEBUG_INFORMATION_FORMAT = dwarf;
				ENABLE_STRICT_OBJC_MSGSEND = YES;
				ENABLE_TESTABILITY = YES;
				GCC_C_LANGUAGE_STANDARD = gnu11;
				GCC_DYNAMIC_NO_PIC = NO;
				GCC_NO_COMMON_BLOCKS = YES;
				GCC_OPTIMIZATION_LEVEL = 0;
				GCC_PREPROCESSOR_DEFINITIONS = (
					"DEBUG=1",
					"$(inherited)",
				);
				GCC_WARN_64_TO_32_BIT_CONVERSION = YES;
				GCC_WARN_ABOUT_RETURN_TYPE = YES_ERROR;
				GCC_WARN_UNDECLARED_SELECTOR = YES;
				GCC_WARN_UNINITIALIZED_AUTOS = YES_AGGRESSIVE;
				GCC_WARN_UNUSED_FUNCTION = YES;
				GCC_WARN_UNUSED_VARIABLE = YES;
				IPHONEOS_DEPLOYMENT_TARGET = 14.4;
				MTL_ENABLE_DEBUG_INFO = INCLUDE_SOURCE;
				MTL_FAST_MATH = YES;
				ONLY_ACTIVE_ARCH = YES;
				SDKROOT = iphoneos;
				SWIFT_ACTIVE_COMPILATION_CONDITIONS = DEBUG;
				SWIFT_OPTIMIZATION_LEVEL = "-Onone";
			};
			name = Debug;
		};
		B1221BEF260F1C2100DB9578 /* Release */ = {
			isa = XCBuildConfiguration;
			buildSettings = {
				ALWAYS_SEARCH_USER_PATHS = NO;
				CLANG_ANALYZER_NONNULL = YES;
				CLANG_ANALYZER_NUMBER_OBJECT_CONVERSION = YES_AGGRESSIVE;
				CLANG_CXX_LANGUAGE_STANDARD = "gnu++14";
				CLANG_CXX_LIBRARY = "libc++";
				CLANG_ENABLE_MODULES = YES;
				CLANG_ENABLE_OBJC_ARC = YES;
				CLANG_ENABLE_OBJC_WEAK = YES;
				CLANG_WARN_BLOCK_CAPTURE_AUTORELEASING = YES;
				CLANG_WARN_BOOL_CONVERSION = YES;
				CLANG_WARN_COMMA = YES;
				CLANG_WARN_CONSTANT_CONVERSION = YES;
				CLANG_WARN_DEPRECATED_OBJC_IMPLEMENTATIONS = YES;
				CLANG_WARN_DIRECT_OBJC_ISA_USAGE = YES_ERROR;
				CLANG_WARN_DOCUMENTATION_COMMENTS = YES;
				CLANG_WARN_EMPTY_BODY = YES;
				CLANG_WARN_ENUM_CONVERSION = YES;
				CLANG_WARN_INFINITE_RECURSION = YES;
				CLANG_WARN_INT_CONVERSION = YES;
				CLANG_WARN_NON_LITERAL_NULL_CONVERSION = YES;
				CLANG_WARN_OBJC_IMPLICIT_RETAIN_SELF = YES;
				CLANG_WARN_OBJC_LITERAL_CONVERSION = YES;
				CLANG_WARN_OBJC_ROOT_CLASS = YES_ERROR;
				CLANG_WARN_QUOTED_INCLUDE_IN_FRAMEWORK_HEADER = YES;
				CLANG_WARN_RANGE_LOOP_ANALYSIS = YES;
				CLANG_WARN_STRICT_PROTOTYPES = YES;
				CLANG_WARN_SUSPICIOUS_MOVE = YES;
				CLANG_WARN_UNGUARDED_AVAILABILITY = YES_AGGRESSIVE;
				CLANG_WARN_UNREACHABLE_CODE = YES;
				CLANG_WARN__DUPLICATE_METHOD_MATCH = YES;
				COPY_PHASE_STRIP = NO;
				DEBUG_INFORMATION_FORMAT = "dwarf-with-dsym";
				ENABLE_NS_ASSERTIONS = NO;
				ENABLE_STRICT_OBJC_MSGSEND = YES;
				GCC_C_LANGUAGE_STANDARD = gnu11;
				GCC_NO_COMMON_BLOCKS = YES;
				GCC_WARN_64_TO_32_BIT_CONVERSION = YES;
				GCC_WARN_ABOUT_RETURN_TYPE = YES_ERROR;
				GCC_WARN_UNDECLARED_SELECTOR = YES;
				GCC_WARN_UNINITIALIZED_AUTOS = YES_AGGRESSIVE;
				GCC_WARN_UNUSED_FUNCTION = YES;
				GCC_WARN_UNUSED_VARIABLE = YES;
				IPHONEOS_DEPLOYMENT_TARGET = 14.4;
				MTL_ENABLE_DEBUG_INFO = NO;
				MTL_FAST_MATH = YES;
				SDKROOT = iphoneos;
				SWIFT_COMPILATION_MODE = wholemodule;
				SWIFT_OPTIMIZATION_LEVEL = "-O";
				VALIDATE_PRODUCT = YES;
			};
			name = Release;
		};
		B1221BF1260F1C2100DB9578 /* Debug */ = {
			isa = XCBuildConfiguration;
			buildSettings = {
				ASSETCATALOG_COMPILER_APPICON_NAME = AppIcon;
				ASSETCATALOG_COMPILER_GLOBAL_ACCENT_COLOR_NAME = AccentColor;
				CODE_SIGN_STYLE = Automatic;
				DEVELOPMENT_TEAM = 38PD5AHVVF;
				INFOPLIST_FILE = "Chapter05-CustomPlist/Info.plist";
				LD_RUNPATH_SEARCH_PATHS = (
					"$(inherited)",
					"@executable_path/Frameworks",
				);
				PRODUCT_BUNDLE_IDENTIFIER = "lgw9898.Chapter05-CustomPlist";
				PRODUCT_NAME = "$(TARGET_NAME)";
				SWIFT_VERSION = 5.0;
				TARGETED_DEVICE_FAMILY = "1,2";
			};
			name = Debug;
		};
		B1221BF2260F1C2100DB9578 /* Release */ = {
			isa = XCBuildConfiguration;
			buildSettings = {
				ASSETCATALOG_COMPILER_APPICON_NAME = AppIcon;
				ASSETCATALOG_COMPILER_GLOBAL_ACCENT_COLOR_NAME = AccentColor;
				CODE_SIGN_STYLE = Automatic;
				DEVELOPMENT_TEAM = 38PD5AHVVF;
				INFOPLIST_FILE = "Chapter05-CustomPlist/Info.plist";
				LD_RUNPATH_SEARCH_PATHS = (
					"$(inherited)",
					"@executable_path/Frameworks",
				);
				PRODUCT_BUNDLE_IDENTIFIER = "lgw9898.Chapter05-CustomPlist";
				PRODUCT_NAME = "$(TARGET_NAME)";
				SWIFT_VERSION = 5.0;
				TARGETED_DEVICE_FAMILY = "1,2";
			};
			name = Release;
		};
/* End XCBuildConfiguration section */

/* Begin XCConfigurationList section */
		B1221BD7260F1C2000DB9578 /* Build configuration list for PBXProject "Chapter05-CustomPlist" */ = {
			isa = XCConfigurationList;
			buildConfigurations = (
				B1221BEE260F1C2100DB9578 /* Debug */,
				B1221BEF260F1C2100DB9578 /* Release */,
			);
			defaultConfigurationIsVisible = 0;
			defaultConfigurationName = Release;
		};
		B1221BF0260F1C2100DB9578 /* Build configuration list for PBXNativeTarget "Chapter05-CustomPlist" */ = {
			isa = XCConfigurationList;
			buildConfigurations = (
				B1221BF1260F1C2100DB9578 /* Debug */,
				B1221BF2260F1C2100DB9578 /* Release */,
			);
			defaultConfigurationIsVisible = 0;
			defaultConfigurationName = Release;
		};
/* End XCConfigurationList section */
	};
	rootObject = B1221BD4260F1C2000DB9578 /* Project object */;
}
