// !$*UTF8*$!
{
	archiveVersion = 1;
	classes = {
	};
	objectVersion = 50;
	objects = {

/* Begin PBXBuildFile section */
		B1C94F0E26035696001F2071 /* AppDelegate.swift in Sources */ = {isa = PBXBuildFile; fileRef = B1C94F0D26035696001F2071 /* AppDelegate.swift */; };
		B1C94F1026035696001F2071 /* SceneDelegate.swift in Sources */ = {isa = PBXBuildFile; fileRef = B1C94F0F26035696001F2071 /* SceneDelegate.swift */; };
		B1C94F1226035696001F2071 /* ViewController.swift in Sources */ = {isa = PBXBuildFile; fileRef = B1C94F1126035696001F2071 /* ViewController.swift */; };
		B1C94F1526035696001F2071 /* Main.storyboard in Resources */ = {isa = PBXBuildFile; fileRef = B1C94F1326035696001F2071 /* Main.storyboard */; };
		B1C94F1726035697001F2071 /* Assets.xcassets in Resources */ = {isa = PBXBuildFile; fileRef = B1C94F1626035697001F2071 /* Assets.xcassets */; };
		B1C94F1A26035697001F2071 /* LaunchScreen.storyboard in Resources */ = {isa = PBXBuildFile; fileRef = B1C94F1826035697001F2071 /* LaunchScreen.storyboard */; };
		B1C94F2326035782001F2071 /* CSTabBarController.swift in Sources */ = {isa = PBXBuildFile; fileRef = B1C94F2226035782001F2071 /* CSTabBarController.swift */; };
/* End PBXBuildFile section */

/* Begin PBXFileReference section */
		B1C94F0A26035696001F2071 /* Chapter03-CSTabBar.app */ = {isa = PBXFileReference; explicitFileType = wrapper.application; includeInIndex = 0; path = "Chapter03-CSTabBar.app"; sourceTree = BUILT_PRODUCTS_DIR; };
		B1C94F0D26035696001F2071 /* AppDelegate.swift */ = {isa = PBXFileReference; lastKnownFileType = sourcecode.swift; path = AppDelegate.swift; sourceTree = "<group>"; };
		B1C94F0F26035696001F2071 /* SceneDelegate.swift */ = {isa = PBXFileReference; lastKnownFileType = sourcecode.swift; path = SceneDelegate.swift; sourceTree = "<group>"; };
		B1C94F1126035696001F2071 /* ViewController.swift */ = {isa = PBXFileReference; lastKnownFileType = sourcecode.swift; path = ViewController.swift; sourceTree = "<group>"; };
		B1C94F1426035696001F2071 /* Base */ = {isa = PBXFileReference; lastKnownFileType = file.storyboard; name = Base; path = Base.lproj/Main.storyboard; sourceTree = "<group>"; };
		B1C94F1626035697001F2071 /* Assets.xcassets */ = {isa = PBXFileReference; lastKnownFileType = folder.assetcatalog; path = Assets.xcassets; sourceTree = "<group>"; };
		B1C94F1926035697001F2071 /* Base */ = {isa = PBXFileReference; lastKnownFileType = file.storyboard; name = Base; path = Base.lproj/LaunchScreen.storyboard; sourceTree = "<group>"; };
		B1C94F1B26035697001F2071 /* Info.plist */ = {isa = PBXFileReference; lastKnownFileType = text.plist.xml; path = Info.plist; sourceTree = "<group>"; };
		B1C94F2226035782001F2071 /* CSTabBarController.swift */ = {isa = PBXFileReference; lastKnownFileType = sourcecode.swift; path = CSTabBarController.swift; sourceTree = "<group>"; };
/* End PBXFileReference section */

/* Begin PBXFrameworksBuildPhase section */
		B1C94F0726035696001F2071 /* Frameworks */ = {
			isa = PBXFrameworksBuildPhase;
			buildActionMask = 2147483647;
			files = (
			);
			runOnlyForDeploymentPostprocessing = 0;
		};
/* End PBXFrameworksBuildPhase section */

/* Begin PBXGroup section */
		B1C94F0126035696001F2071 = {
			isa = PBXGroup;
			children = (
				B1C94F0C26035696001F2071 /* Chapter03-CSTabBar */,
				B1C94F0B26035696001F2071 /* Products */,
			);
			sourceTree = "<group>";
		};
		B1C94F0B26035696001F2071 /* Products */ = {
			isa = PBXGroup;
			children = (
				B1C94F0A26035696001F2071 /* Chapter03-CSTabBar.app */,
			);
			name = Products;
			sourceTree = "<group>";
		};
		B1C94F0C26035696001F2071 /* Chapter03-CSTabBar */ = {
			isa = PBXGroup;
			children = (
				B1C94F0D26035696001F2071 /* AppDelegate.swift */,
				B1C94F0F26035696001F2071 /* SceneDelegate.swift */,
				B1C94F1126035696001F2071 /* ViewController.swift */,
				B1C94F1326035696001F2071 /* Main.storyboard */,
				B1C94F1626035697001F2071 /* Assets.xcassets */,
				B1C94F1826035697001F2071 /* LaunchScreen.storyboard */,
				B1C94F1B26035697001F2071 /* Info.plist */,
				B1C94F2226035782001F2071 /* CSTabBarController.swift */,
			);
			path = "Chapter03-CSTabBar";
			sourceTree = "<group>";
		};
/* End PBXGroup section */

/* Begin PBXNativeTarget section */
		B1C94F0926035696001F2071 /* Chapter03-CSTabBar */ = {
			isa = PBXNativeTarget;
			buildConfigurationList = B1C94F1E26035697001F2071 /* Build configuration list for PBXNativeTarget "Chapter03-CSTabBar" */;
			buildPhases = (
				B1C94F0626035696001F2071 /* Sources */,
				B1C94F0726035696001F2071 /* Frameworks */,
				B1C94F0826035696001F2071 /* Resources */,
			);
			buildRules = (
			);
			dependencies = (
			);
			name = "Chapter03-CSTabBar";
			productName = "Chapter03-CSTabBar";
			productReference = B1C94F0A26035696001F2071 /* Chapter03-CSTabBar.app */;
			productType = "com.apple.product-type.application";
		};
/* End PBXNativeTarget section */

/* Begin PBXProject section */
		B1C94F0226035696001F2071 /* Project object */ = {
			isa = PBXProject;
			attributes = {
				LastSwiftUpdateCheck = 1240;
				LastUpgradeCheck = 1240;
				TargetAttributes = {
					B1C94F0926035696001F2071 = {
						CreatedOnToolsVersion = 12.4;
					};
				};
			};
			buildConfigurationList = B1C94F0526035696001F2071 /* Build configuration list for PBXProject "Chapter03-CSTabBar" */;
			compatibilityVersion = "Xcode 9.3";
			developmentRegion = en;
			hasScannedForEncodings = 0;
			knownRegions = (
				en,
				Base,
			);
			mainGroup = B1C94F0126035696001F2071;
			productRefGroup = B1C94F0B26035696001F2071 /* Products */;
			projectDirPath = "";
			projectRoot = "";
			targets = (
				B1C94F0926035696001F2071 /* Chapter03-CSTabBar */,
			);
		};
/* End PBXProject section */

/* Begin PBXResourcesBuildPhase section */
		B1C94F0826035696001F2071 /* Resources */ = {
			isa = PBXResourcesBuildPhase;
			buildActionMask = 2147483647;
			files = (
				B1C94F1A26035697001F2071 /* LaunchScreen.storyboard in Resources */,
				B1C94F1726035697001F2071 /* Assets.xcassets in Resources */,
				B1C94F1526035696001F2071 /* Main.storyboard in Resources */,
			);
			runOnlyForDeploymentPostprocessing = 0;
		};
/* End PBXResourcesBuildPhase section */

/* Begin PBXSourcesBuildPhase section */
		B1C94F0626035696001F2071 /* Sources */ = {
			isa = PBXSourcesBuildPhase;
			buildActionMask = 2147483647;
			files = (
				B1C94F1226035696001F2071 /* ViewController.swift in Sources */,
				B1C94F2326035782001F2071 /* CSTabBarController.swift in Sources */,
				B1C94F0E26035696001F2071 /* AppDelegate.swift in Sources */,
				B1C94F1026035696001F2071 /* SceneDelegate.swift in Sources */,
			);
			runOnlyForDeploymentPostprocessing = 0;
		};
/* End PBXSourcesBuildPhase section */

/* Begin PBXVariantGroup section */
		B1C94F1326035696001F2071 /* Main.storyboard */ = {
			isa = PBXVariantGroup;
			children = (
				B1C94F1426035696001F2071 /* Base */,
			);
			name = Main.storyboard;
			sourceTree = "<group>";
		};
		B1C94F1826035697001F2071 /* LaunchScreen.storyboard */ = {
			isa = PBXVariantGroup;
			children = (
				B1C94F1926035697001F2071 /* Base */,
			);
			name = LaunchScreen.storyboard;
			sourceTree = "<group>";
		};
/* End PBXVariantGroup section */

/* Begin XCBuildConfiguration section */
		B1C94F1C26035697001F2071 /* Debug */ = {
			isa = XCBuildConfiguration;
			buildSettings = {
				ALWAYS_SEARCH_USER_PATHS = NO;
				CLANG_ANALYZER_NONNULL = YES;
				CLANG_ANALYZER_NUMBER_OBJECT_CONVERSION = YES_AGGRESSIVE;
				CLANG_CXX_LANGUAGE_STANDARD = "gnu++14";
				CLANG_CXX_LIBRARY = "libc++";
				CLANG_ENABLE_MODULES = YES;
				CLANG_ENABLE_OBJC_ARC = YES;
				CLANG_ENABLE_OBJC_WEAK = YES;
				CLANG_WARN_BLOCK_CAPTURE_AUTORELEASING = YES;
				CLANG_WARN_BOOL_CONVERSION = YES;
				CLANG_WARN_COMMA = YES;
				CLANG_WARN_CONSTANT_CONVERSION = YES;
				CLANG_WARN_DEPRECATED_OBJC_IMPLEMENTATIONS = YES;
				CLANG_WARN_DIRECT_OBJC_ISA_USAGE = YES_ERROR;
				CLANG_WARN_DOCUMENTATION_COMMENTS = YES;
				CLANG_WARN_EMPTY_BODY = YES;
				CLANG_WARN_ENUM_CONVERSION = YES;
				CLANG_WARN_INFINITE_RECURSION = YES;
				CLANG_WARN_INT_CONVERSION = YES;
				CLANG_WARN_NON_LITERAL_NULL_CONVERSION = YES;
				CLANG_WARN_OBJC_IMPLICIT_RETAIN_SELF = YES;
				CLANG_WARN_OBJC_LITERAL_CONVERSION = YES;
				CLANG_WARN_OBJC_ROOT_CLASS = YES_ERROR;
				CLANG_WARN_QUOTED_INCLUDE_IN_FRAMEWORK_HEADER = YES;
				CLANG_WARN_RANGE_LOOP_ANALYSIS = YES;
				CLANG_WARN_STRICT_PROTOTYPES = YES;
				CLANG_WARN_SUSPICIOUS_MOVE = YES;
				CLANG_WARN_UNGUARDED_AVAILABILITY = YES_AGGRESSIVE;
				CLANG_WARN_UNREACHABLE_CODE = YES;
				CLANG_WARN__DUPLICATE_METHOD_MATCH = YES;
				COPY_PHASE_STRIP = NO;
				DEBUG_INFORMATION_FORMAT = dwarf;
				ENABLE_STRICT_OBJC_MSGSEND = YES;
				ENABLE_TESTABILITY = YES;
				GCC_C_LANGUAGE_STANDARD = gnu11;
				GCC_DYNAMIC_NO_PIC = NO;
				GCC_NO_COMMON_BLOCKS = YES;
				GCC_OPTIMIZATION_LEVEL = 0;
				GCC_PREPROCESSOR_DEFINITIONS = (
					"DEBUG=1",
					"$(inherited)",
				);
				GCC_WARN_64_TO_32_BIT_CONVERSION = YES;
				GCC_WARN_ABOUT_RETURN_TYPE = YES_ERROR;
				GCC_WARN_UNDECLARED_SELECTOR = YES;
				GCC_WARN_UNINITIALIZED_AUTOS = YES_AGGRESSIVE;
				GCC_WARN_UNUSED_FUNCTION = YES;
				GCC_WARN_UNUSED_VARIABLE = YES;
				IPHONEOS_DEPLOYMENT_TARGET = 14.4;
				MTL_ENABLE_DEBUG_INFO = INCLUDE_SOURCE;
				MTL_FAST_MATH = YES;
				ONLY_ACTIVE_ARCH = YES;
				SDKROOT = iphoneos;
				SWIFT_ACTIVE_COMPILATION_CONDITIONS = DEBUG;
				SWIFT_OPTIMIZATION_LEVEL = "-Onone";
			};
			name = Debug;
		};
		B1C94F1D26035697001F2071 /* Release */ = {
			isa = XCBuildConfiguration;
			buildSettings = {
				ALWAYS_SEARCH_USER_PATHS = NO;
				CLANG_ANALYZER_NONNULL = YES;
				CLANG_ANALYZER_NUMBER_OBJECT_CONVERSION = YES_AGGRESSIVE;
				CLANG_CXX_LANGUAGE_STANDARD = "gnu++14";
				CLANG_CXX_LIBRARY = "libc++";
				CLANG_ENABLE_MODULES = YES;
				CLANG_ENABLE_OBJC_ARC = YES;
				CLANG_ENABLE_OBJC_WEAK = YES;
				CLANG_WARN_BLOCK_CAPTURE_AUTORELEASING = YES;
				CLANG_WARN_BOOL_CONVERSION = YES;
				CLANG_WARN_COMMA = YES;
				CLANG_WARN_CONSTANT_CONVERSION = YES;
				CLANG_WARN_DEPRECATED_OBJC_IMPLEMENTATIONS = YES;
				CLANG_WARN_DIRECT_OBJC_ISA_USAGE = YES_ERROR;
				CLANG_WARN_DOCUMENTATION_COMMENTS = YES;
				CLANG_WARN_EMPTY_BODY = YES;
				CLANG_WARN_ENUM_CONVERSION = YES;
				CLANG_WARN_INFINITE_RECURSION = YES;
				CLANG_WARN_INT_CONVERSION = YES;
				CLANG_WARN_NON_LITERAL_NULL_CONVERSION = YES;
				CLANG_WARN_OBJC_IMPLICIT_RETAIN_SELF = YES;
				CLANG_WARN_OBJC_LITERAL_CONVERSION = YES;
				CLANG_WARN_OBJC_ROOT_CLASS = YES_ERROR;
				CLANG_WARN_QUOTED_INCLUDE_IN_FRAMEWORK_HEADER = YES;
				CLANG_WARN_RANGE_LOOP_ANALYSIS = YES;
				CLANG_WARN_STRICT_PROTOTYPES = YES;
				CLANG_WARN_SUSPICIOUS_MOVE = YES;
				CLANG_WARN_UNGUARDED_AVAILABILITY = YES_AGGRESSIVE;
				CLANG_WARN_UNREACHABLE_CODE = YES;
				CLANG_WARN__DUPLICATE_METHOD_MATCH = YES;
				COPY_PHASE_STRIP = NO;
				DEBUG_INFORMATION_FORMAT = "dwarf-with-dsym";
				ENABLE_NS_ASSERTIONS = NO;
				ENABLE_STRICT_OBJC_MSGSEND = YES;
				GCC_C_LANGUAGE_STANDARD = gnu11;
				GCC_NO_COMMON_BLOCKS = YES;
				GCC_WARN_64_TO_32_BIT_CONVERSION = YES;
				GCC_WARN_ABOUT_RETURN_TYPE = YES_ERROR;
				GCC_WARN_UNDECLARED_SELECTOR = YES;
				GCC_WARN_UNINITIALIZED_AUTOS = YES_AGGRESSIVE;
				GCC_WARN_UNUSED_FUNCTION = YES;
				GCC_WARN_UNUSED_VARIABLE = YES;
				IPHONEOS_DEPLOYMENT_TARGET = 14.4;
				MTL_ENABLE_DEBUG_INFO = NO;
				MTL_FAST_MATH = YES;
				SDKROOT = iphoneos;
				SWIFT_COMPILATION_MODE = wholemodule;
				SWIFT_OPTIMIZATION_LEVEL = "-O";
				VALIDATE_PRODUCT = YES;
			};
			name = Release;
		};
		B1C94F1F26035697001F2071 /* Debug */ = {
			isa = XCBuildConfiguration;
			buildSettings = {
				ASSETCATALOG_COMPILER_APPICON_NAME = AppIcon;
				ASSETCATALOG_COMPILER_GLOBAL_ACCENT_COLOR_NAME = AccentColor;
				CODE_SIGN_STYLE = Automatic;
				DEVELOPMENT_TEAM = 38PD5AHVVF;
				INFOPLIST_FILE = "Chapter03-CSTabBar/Info.plist";
				LD_RUNPATH_SEARCH_PATHS = (
					"$(inherited)",
					"@executable_path/Frameworks",
				);
				PRODUCT_BUNDLE_IDENTIFIER = "lgw9898.Chapter03-CSTabBar";
				PRODUCT_NAME = "$(TARGET_NAME)";
				SWIFT_VERSION = 5.0;
				TARGETED_DEVICE_FAMILY = "1,2";
			};
			name = Debug;
		};
		B1C94F2026035697001F2071 /* Release */ = {
			isa = XCBuildConfiguration;
			buildSettings = {
				ASSETCATALOG_COMPILER_APPICON_NAME = AppIcon;
				ASSETCATALOG_COMPILER_GLOBAL_ACCENT_COLOR_NAME = AccentColor;
				CODE_SIGN_STYLE = Automatic;
				DEVELOPMENT_TEAM = 38PD5AHVVF;
				INFOPLIST_FILE = "Chapter03-CSTabBar/Info.plist";
				LD_RUNPATH_SEARCH_PATHS = (
					"$(inherited)",
					"@executable_path/Frameworks",
				);
				PRODUCT_BUNDLE_IDENTIFIER = "lgw9898.Chapter03-CSTabBar";
				PRODUCT_NAME = "$(TARGET_NAME)";
				SWIFT_VERSION = 5.0;
				TARGETED_DEVICE_FAMILY = "1,2";
			};
			name = Release;
		};
/* End XCBuildConfiguration section */

/* Begin XCConfigurationList section */
		B1C94F0526035696001F2071 /* Build configuration list for PBXProject "Chapter03-CSTabBar" */ = {
			isa = XCConfigurationList;
			buildConfigurations = (
				B1C94F1C26035697001F2071 /* Debug */,
				B1C94F1D26035697001F2071 /* Release */,
			);
			defaultConfigurationIsVisible = 0;
			defaultConfigurationName = Release;
		};
		B1C94F1E26035697001F2071 /* Build configuration list for PBXNativeTarget "Chapter03-CSTabBar" */ = {
			isa = XCConfigurationList;
			buildConfigurations = (
				B1C94F1F26035697001F2071 /* Debug */,
				B1C94F2026035697001F2071 /* Release */,
			);
			defaultConfigurationIsVisible = 0;
			defaultConfigurationName = Release;
		};
/* End XCConfigurationList section */
	};
	rootObject = B1C94F0226035696001F2071 /* Project object */;
}
